// !$*UTF8*$!
{
	archiveVersion = 1;
	classes = {
	};
	objectVersion = 50;
	objects = {

/* Begin PBXBuildFile section */
		52D6ADA8BC7C6CC87EB391A9 /* libPods-jhzxProject.a in Frameworks */ = {isa = PBXBuildFile; fileRef = 8E13503AEAB62D6D243134E7 /* libPods-jhzxProject.a */; };
		7FCB9BC621995BD9000C4C34 /* AppDelegate.m in Sources */ = {isa = PBXBuildFile; fileRef = 7FCB9BC521995BD9000C4C34 /* AppDelegate.m */; };
		7FCB9BCE21995BDD000C4C34 /* Assets.xcassets in Resources */ = {isa = PBXBuildFile; fileRef = 7FCB9BCD21995BDD000C4C34 /* Assets.xcassets */; };
		7FCB9BD121995BDD000C4C34 /* LaunchScreen.storyboard in Resources */ = {isa = PBXBuildFile; fileRef = 7FCB9BCF21995BDD000C4C34 /* LaunchScreen.storyboard */; };
		7FCB9BD421995BDD000C4C34 /* main.m in Sources */ = {isa = PBXBuildFile; fileRef = 7FCB9BD321995BDD000C4C34 /* main.m */; };
		7FCB9BDE21995BDE000C4C34 /* jhzxProjectTests.m in Sources */ = {isa = PBXBuildFile; fileRef = 7FCB9BDD21995BDE000C4C34 /* jhzxProjectTests.m */; };
		7FCB9BE921995BDE000C4C34 /* jhzxProjectUITests.m in Sources */ = {isa = PBXBuildFile; fileRef = 7FCB9BE821995BDE000C4C34 /* jhzxProjectUITests.m */; };
		7FCB9C09219962A9000C4C34 /* IAPManager.m in Sources */ = {isa = PBXBuildFile; fileRef = 7FCB9BF9219962A9000C4C34 /* IAPManager.m */; };
		7FCB9C0A219962A9000C4C34 /* IMManager.m in Sources */ = {isa = PBXBuildFile; fileRef = 7FCB9BFA219962A9000C4C34 /* IMManager.m */; };
		7FCB9C0B219962A9000C4C34 /* AppManager.m in Sources */ = {isa = PBXBuildFile; fileRef = 7FCB9BFE219962A9000C4C34 /* AppManager.m */; };
		7FCB9C0C219962A9000C4C34 /* GameInfo.m in Sources */ = {isa = PBXBuildFile; fileRef = 7FCB9C01219962A9000C4C34 /* GameInfo.m */; };
		7FCB9C0D219962A9000C4C34 /* UserManager.m in Sources */ = {isa = PBXBuildFile; fileRef = 7FCB9C02219962A9000C4C34 /* UserManager.m */; };
		7FCB9C0E219962A9000C4C34 /* UserInfo.m in Sources */ = {isa = PBXBuildFile; fileRef = 7FCB9C03219962A9000C4C34 /* UserInfo.m */; };
		7FCB9C0F219962A9000C4C34 /* ShareManager.m in Sources */ = {isa = PBXBuildFile; fileRef = 7FCB9C07219962A9000C4C34 /* ShareManager.m */; };
		7FCB9C4D219962B9000C4C34 /* OpenUDID.m in Sources */ = {isa = PBXBuildFile; fileRef = 7FCB9C12219962B9000C4C34 /* OpenUDID.m */; };
		7FCB9C4E219962B9000C4C34 /* UICollectionView+IndexPath.m in Sources */ = {isa = PBXBuildFile; fileRef = 7FCB9C17219962B9000C4C34 /* UICollectionView+IndexPath.m */; };
		7FCB9C4F219962B9000C4C34 /* UIViewController+AlertViewAndActionSheet.m in Sources */ = {isa = PBXBuildFile; fileRef = 7FCB9C19219962B9000C4C34 /* UIViewController+AlertViewAndActionSheet.m */; };
		7FCB9C50219962B9000C4C34 /* UIButton+XYButton.m in Sources */ = {isa = PBXBuildFile; fileRef = 7FCB9C1A219962B9000C4C34 /* UIButton+XYButton.m */; };
		7FCB9C51219962B9000C4C34 /* FFTagsView.m in Sources */ = {isa = PBXBuildFile; fileRef = 7FCB9C1E219962B9000C4C34 /* FFTagsView.m */; };
		7FCB9C52219962B9000C4C34 /* TagsButton.m in Sources */ = {isa = PBXBuildFile; fileRef = 7FCB9C1F219962B9000C4C34 /* TagsButton.m */; };
		7FCB9C54219962B9000C4C34 /* AdPageView.m in Sources */ = {isa = PBXBuildFile; fileRef = 7FCB9C24219962B9000C4C34 /* AdPageView.m */; };
		7FCB9C55219962B9000C4C34 /* PPNetworkHelper.m in Sources */ = {isa = PBXBuildFile; fileRef = 7FCB9C27219962B9000C4C34 /* PPNetworkHelper.m */; };
		7FCB9C56219962B9000C4C34 /* HeaderModel.m in Sources */ = {isa = PBXBuildFile; fileRef = 7FCB9C28219962B9000C4C34 /* HeaderModel.m */; };
		7FCB9C57219962B9000C4C34 /* PPNetworkCache.m in Sources */ = {isa = PBXBuildFile; fileRef = 7FCB9C2C219962B9000C4C34 /* PPNetworkCache.m */; };
		7FCB9C58219962B9000C4C34 /* YYFPSLabel.m in Sources */ = {isa = PBXBuildFile; fileRef = 7FCB9C2F219962B9000C4C34 /* YYFPSLabel.m */; };
		7FCB9C59219962B9000C4C34 /* SandBoxHelper.m in Sources */ = {isa = PBXBuildFile; fileRef = 7FCB9C31219962B9000C4C34 /* SandBoxHelper.m */; };
		7FCB9C5A219962B9000C4C34 /* MBProgressHUD+XY.m in Sources */ = {isa = PBXBuildFile; fileRef = 7FCB9C35219962B9000C4C34 /* MBProgressHUD+XY.m */; };
		7FCB9C5B219962B9000C4C34 /* SDCycleScrollView.m in Sources */ = {isa = PBXBuildFile; fileRef = 7FCB9C3A219962B9000C4C34 /* SDCycleScrollView.m */; };
		7FCB9C5C219962B9000C4C34 /* UIView+SDExtension.m in Sources */ = {isa = PBXBuildFile; fileRef = 7FCB9C3B219962B9000C4C34 /* UIView+SDExtension.m */; };
		7FCB9C5D219962B9000C4C34 /* SDCollectionViewCell.m in Sources */ = {isa = PBXBuildFile; fileRef = 7FCB9C3C219962B9000C4C34 /* SDCollectionViewCell.m */; };
		7FCB9C5E219962B9000C4C34 /* TADotView.m in Sources */ = {isa = PBXBuildFile; fileRef = 7FCB9C3F219962B9000C4C34 /* TADotView.m */; };
		7FCB9C5F219962B9000C4C34 /* TAPageControl.m in Sources */ = {isa = PBXBuildFile; fileRef = 7FCB9C40219962B9000C4C34 /* TAPageControl.m */; };
		7FCB9C60219962B9000C4C34 /* TAAnimatedDotView.m in Sources */ = {isa = PBXBuildFile; fileRef = 7FCB9C41219962B9000C4C34 /* TAAnimatedDotView.m */; };
		7FCB9C61219962B9000C4C34 /* TAAbstractDotView.m in Sources */ = {isa = PBXBuildFile; fileRef = 7FCB9C42219962B9000C4C34 /* TAAbstractDotView.m */; };
		7FCB9C62219962B9000C4C34 /* XYTransition.m in Sources */ = {isa = PBXBuildFile; fileRef = 7FCB9C48219962B9000C4C34 /* XYTransition.m */; };
		7FCB9C63219962B9000C4C34 /* AESCipher.m in Sources */ = {isa = PBXBuildFile; fileRef = 7FCB9C4B219962B9000C4C34 /* AESCipher.m */; };
		7FCB9C82219962CD000C4C34 /* XLJSHandler.m in Sources */ = {isa = PBXBuildFile; fileRef = 7FCB9C66219962CD000C4C34 /* XLJSHandler.m */; };
		7FCB9C83219962CD000C4C34 /* JSToOC.html in Resources */ = {isa = PBXBuildFile; fileRef = 7FCB9C69219962CD000C4C34 /* JSToOC.html */; };
		7FCB9C84219962CD000C4C34 /* XLWebViewController.m in Sources */ = {isa = PBXBuildFile; fileRef = 7FCB9C6A219962CD000C4C34 /* XLWebViewController.m */; };
		7FCB9C85219962CD000C4C34 /* RootWebViewController.m in Sources */ = {isa = PBXBuildFile; fileRef = 7FCB9C6C219962CD000C4C34 /* RootWebViewController.m */; };
		7FCB9C86219962CD000C4C34 /* RootNavigationController.m in Sources */ = {isa = PBXBuildFile; fileRef = 7FCB9C6E219962CD000C4C34 /* RootNavigationController.m */; };
		7FCB9C87219962CD000C4C34 /* BaseRequestAPI.m in Sources */ = {isa = PBXBuildFile; fileRef = 7FCB9C72219962CD000C4C34 /* BaseRequestAPI.m */; };
		7FCB9C88219962CD000C4C34 /* BaseTableViewCell.m in Sources */ = {isa = PBXBuildFile; fileRef = 7FCB9C74219962CD000C4C34 /* BaseTableViewCell.m */; };
		7FCB9C89219962CD000C4C34 /* HSBaseCellModel.m in Sources */ = {isa = PBXBuildFile; fileRef = 7FCB9C75219962CD000C4C34 /* HSBaseCellModel.m */; };
		7FCB9C8A219962CD000C4C34 /* RootViewController.m in Sources */ = {isa = PBXBuildFile; fileRef = 7FCB9C79219962CD000C4C34 /* RootViewController.m */; };
		7FCB9C8B219962CD000C4C34 /* UITabBar+CustomBadge.m in Sources */ = {isa = PBXBuildFile; fileRef = 7FCB9C7C219962CD000C4C34 /* UITabBar+CustomBadge.m */; };
		7FCB9C8C219962CD000C4C34 /* MainTabBarController.m in Sources */ = {isa = PBXBuildFile; fileRef = 7FCB9C7E219962CD000C4C34 /* MainTabBarController.m */; };
		7FCB9C8D219962CD000C4C34 /* XYTabBar.m in Sources */ = {isa = PBXBuildFile; fileRef = 7FCB9C7F219962CD000C4C34 /* XYTabBar.m */; };
		7FCB9C9921996C92000C4C34 /* AppDelegate+AppService.m in Sources */ = {isa = PBXBuildFile; fileRef = 7FCB9C9521996C91000C4C34 /* AppDelegate+AppService.m */; };
		7FCB9C9A21996C92000C4C34 /* AppDelegate+PushService.m in Sources */ = {isa = PBXBuildFile; fileRef = 7FCB9C9821996C92000C4C34 /* AppDelegate+PushService.m */; };
		7FCB9CC32199704D000C4C34 /* UMSocialSDKResources.bundle in Resources */ = {isa = PBXBuildFile; fileRef = 7FCB9CB42199704D000C4C34 /* UMSocialSDKResources.bundle */; };
		7FCB9CC42199704D000C4C34 /* UShareUI.framework in Frameworks */ = {isa = PBXBuildFile; fileRef = 7FCB9CB52199704D000C4C34 /* UShareUI.framework */; };
		7FCB9CC52199704D000C4C34 /* UMSocialNetwork.framework in Frameworks */ = {isa = PBXBuildFile; fileRef = 7FCB9CB72199704D000C4C34 /* UMSocialNetwork.framework */; };
		7FCB9CC62199704D000C4C34 /* UMSocialSDKPromptResources.bundle in Resources */ = {isa = PBXBuildFile; fileRef = 7FCB9CB82199704D000C4C34 /* UMSocialSDKPromptResources.bundle */; };
		7FCB9CC72199704D000C4C34 /* UMSocialCore.framework in Frameworks */ = {isa = PBXBuildFile; fileRef = 7FCB9CB92199704D000C4C34 /* UMSocialCore.framework */; };
		7FCB9CC82199704D000C4C34 /* libSocialWeChat.a in Frameworks */ = {isa = PBXBuildFile; fileRef = 7FCB9CBC2199704D000C4C34 /* libSocialWeChat.a */; };
		7FCB9CC92199704D000C4C34 /* libSocialQQ.a in Frameworks */ = {isa = PBXBuildFile; fileRef = 7FCB9CC02199704D000C4C34 /* libSocialQQ.a */; };
		7FCB9CCA2199704D000C4C34 /* libUMSocialLog.a in Frameworks */ = {isa = PBXBuildFile; fileRef = 7FCB9CC22199704D000C4C34 /* libUMSocialLog.a */; };
		7FD82B4921A2A8B3001A3B48 /* HomeViewController.m in Sources */ = {isa = PBXBuildFile; fileRef = 7FD82B4821A2A8B3001A3B48 /* HomeViewController.m */; };
		7FD82B4C21A2A8C8001A3B48 /* ReportStageViewController.m in Sources */ = {isa = PBXBuildFile; fileRef = 7FD82B4B21A2A8C8001A3B48 /* ReportStageViewController.m */; };
		7FD82B4F21A2A8D5001A3B48 /* PublishViewController.m in Sources */ = {isa = PBXBuildFile; fileRef = 7FD82B4E21A2A8D5001A3B48 /* PublishViewController.m */; };
		7FD82B5221A2A8E2001A3B48 /* MineViewController.m in Sources */ = {isa = PBXBuildFile; fileRef = 7FD82B5121A2A8E2001A3B48 /* MineViewController.m */; };
		7FD82B5A21A4128E001A3B48 /* LoginViewController.m in Sources */ = {isa = PBXBuildFile; fileRef = 7FD82B5921A4128E001A3B48 /* LoginViewController.m */; };
/* End PBXBuildFile section */

/* Begin PBXContainerItemProxy section */
		7FCB9BDA21995BDE000C4C34 /* PBXContainerItemProxy */ = {
			isa = PBXContainerItemProxy;
			containerPortal = 7FCB9BB921995BD9000C4C34 /* Project object */;
			proxyType = 1;
			remoteGlobalIDString = 7FCB9BC021995BD9000C4C34;
			remoteInfo = jhzxProject;
		};
		7FCB9BE521995BDE000C4C34 /* PBXContainerItemProxy */ = {
			isa = PBXContainerItemProxy;
			containerPortal = 7FCB9BB921995BD9000C4C34 /* Project object */;
			proxyType = 1;
			remoteGlobalIDString = 7FCB9BC021995BD9000C4C34;
			remoteInfo = jhzxProject;
		};
/* End PBXContainerItemProxy section */

/* Begin PBXFileReference section */
		31D7FCF3ED073D4A78FA4538 /* Pods-jhzxProject.debug.xcconfig */ = {isa = PBXFileReference; includeInIndex = 1; lastKnownFileType = text.xcconfig; name = "Pods-jhzxProject.debug.xcconfig"; path = "Pods/Target Support Files/Pods-jhzxProject/Pods-jhzxProject.debug.xcconfig"; sourceTree = "<group>"; };
		4FCF8E8401B64BC1A1797069 /* Pods-jhzxProject.release.xcconfig */ = {isa = PBXFileReference; includeInIndex = 1; lastKnownFileType = text.xcconfig; name = "Pods-jhzxProject.release.xcconfig"; path = "Pods/Target Support Files/Pods-jhzxProject/Pods-jhzxProject.release.xcconfig"; sourceTree = "<group>"; };
		7FCB9BC121995BD9000C4C34 /* jhzxProject.app */ = {isa = PBXFileReference; explicitFileType = wrapper.application; includeInIndex = 0; path = jhzxProject.app; sourceTree = BUILT_PRODUCTS_DIR; };
		7FCB9BC421995BD9000C4C34 /* AppDelegate.h */ = {isa = PBXFileReference; lastKnownFileType = sourcecode.c.h; path = AppDelegate.h; sourceTree = "<group>"; };
		7FCB9BC521995BD9000C4C34 /* AppDelegate.m */ = {isa = PBXFileReference; lastKnownFileType = sourcecode.c.objc; path = AppDelegate.m; sourceTree = "<group>"; };
		7FCB9BCD21995BDD000C4C34 /* Assets.xcassets */ = {isa = PBXFileReference; lastKnownFileType = folder.assetcatalog; path = Assets.xcassets; sourceTree = "<group>"; };
		7FCB9BD021995BDD000C4C34 /* Base */ = {isa = PBXFileReference; lastKnownFileType = file.storyboard; name = Base; path = Base.lproj/LaunchScreen.storyboard; sourceTree = "<group>"; };
		7FCB9BD221995BDD000C4C34 /* Info.plist */ = {isa = PBXFileReference; lastKnownFileType = text.plist.xml; path = Info.plist; sourceTree = "<group>"; };
		7FCB9BD321995BDD000C4C34 /* main.m */ = {isa = PBXFileReference; lastKnownFileType = sourcecode.c.objc; path = main.m; sourceTree = "<group>"; };
		7FCB9BD921995BDE000C4C34 /* jhzxProjectTests.xctest */ = {isa = PBXFileReference; explicitFileType = wrapper.cfbundle; includeInIndex = 0; path = jhzxProjectTests.xctest; sourceTree = BUILT_PRODUCTS_DIR; };
		7FCB9BDD21995BDE000C4C34 /* jhzxProjectTests.m */ = {isa = PBXFileReference; lastKnownFileType = sourcecode.c.objc; path = jhzxProjectTests.m; sourceTree = "<group>"; };
		7FCB9BDF21995BDE000C4C34 /* Info.plist */ = {isa = PBXFileReference; lastKnownFileType = text.plist.xml; path = Info.plist; sourceTree = "<group>"; };
		7FCB9BE421995BDE000C4C34 /* jhzxProjectUITests.xctest */ = {isa = PBXFileReference; explicitFileType = wrapper.cfbundle; includeInIndex = 0; path = jhzxProjectUITests.xctest; sourceTree = BUILT_PRODUCTS_DIR; };
		7FCB9BE821995BDE000C4C34 /* jhzxProjectUITests.m */ = {isa = PBXFileReference; lastKnownFileType = sourcecode.c.objc; path = jhzxProjectUITests.m; sourceTree = "<group>"; };
		7FCB9BEA21995BDE000C4C34 /* Info.plist */ = {isa = PBXFileReference; lastKnownFileType = text.plist.xml; path = Info.plist; sourceTree = "<group>"; };
		7FCB9BF7219962A9000C4C34 /* AppManager.h */ = {isa = PBXFileReference; fileEncoding = 4; lastKnownFileType = sourcecode.c.h; path = AppManager.h; sourceTree = "<group>"; };
		7FCB9BF9219962A9000C4C34 /* IAPManager.m */ = {isa = PBXFileReference; fileEncoding = 4; lastKnownFileType = sourcecode.c.objc; path = IAPManager.m; sourceTree = "<group>"; };
		7FCB9BFA219962A9000C4C34 /* IMManager.m */ = {isa = PBXFileReference; fileEncoding = 4; lastKnownFileType = sourcecode.c.objc; path = IMManager.m; sourceTree = "<group>"; };
		7FCB9BFB219962A9000C4C34 /* ShareManager.h */ = {isa = PBXFileReference; fileEncoding = 4; lastKnownFileType = sourcecode.c.h; path = ShareManager.h; sourceTree = "<group>"; };
		7FCB9BFC219962A9000C4C34 /* IAPManager.h */ = {isa = PBXFileReference; fileEncoding = 4; lastKnownFileType = sourcecode.c.h; path = IAPManager.h; sourceTree = "<group>"; };
		7FCB9BFE219962A9000C4C34 /* AppManager.m */ = {isa = PBXFileReference; fileEncoding = 4; lastKnownFileType = sourcecode.c.objc; path = AppManager.m; sourceTree = "<group>"; };
		7FCB9BFF219962A9000C4C34 /* IMManager.h */ = {isa = PBXFileReference; fileEncoding = 4; lastKnownFileType = sourcecode.c.h; path = IMManager.h; sourceTree = "<group>"; };
		7FCB9C01219962A9000C4C34 /* GameInfo.m */ = {isa = PBXFileReference; fileEncoding = 4; lastKnownFileType = sourcecode.c.objc; path = GameInfo.m; sourceTree = "<group>"; };
		7FCB9C02219962A9000C4C34 /* UserManager.m */ = {isa = PBXFileReference; fileEncoding = 4; lastKnownFileType = sourcecode.c.objc; path = UserManager.m; sourceTree = "<group>"; };
		7FCB9C03219962A9000C4C34 /* UserInfo.m */ = {isa = PBXFileReference; fileEncoding = 4; lastKnownFileType = sourcecode.c.objc; path = UserInfo.m; sourceTree = "<group>"; };
		7FCB9C04219962A9000C4C34 /* UserManager.h */ = {isa = PBXFileReference; fileEncoding = 4; lastKnownFileType = sourcecode.c.h; path = UserManager.h; sourceTree = "<group>"; };
		7FCB9C05219962A9000C4C34 /* GameInfo.h */ = {isa = PBXFileReference; fileEncoding = 4; lastKnownFileType = sourcecode.c.h; path = GameInfo.h; sourceTree = "<group>"; };
		7FCB9C06219962A9000C4C34 /* UserInfo.h */ = {isa = PBXFileReference; fileEncoding = 4; lastKnownFileType = sourcecode.c.h; path = UserInfo.h; sourceTree = "<group>"; };
		7FCB9C07219962A9000C4C34 /* ShareManager.m */ = {isa = PBXFileReference; fileEncoding = 4; lastKnownFileType = sourcecode.c.objc; path = ShareManager.m; sourceTree = "<group>"; };
		7FCB9C12219962B9000C4C34 /* OpenUDID.m */ = {isa = PBXFileReference; fileEncoding = 4; lastKnownFileType = sourcecode.c.objc; path = OpenUDID.m; sourceTree = "<group>"; };
		7FCB9C13219962B9000C4C34 /* OpenUDID.h */ = {isa = PBXFileReference; fileEncoding = 4; lastKnownFileType = sourcecode.c.h; path = OpenUDID.h; sourceTree = "<group>"; };
		7FCB9C15219962B9000C4C34 /* UIButton+XYButton.h */ = {isa = PBXFileReference; fileEncoding = 4; lastKnownFileType = sourcecode.c.h; path = "UIButton+XYButton.h"; sourceTree = "<group>"; };
		7FCB9C16219962B9000C4C34 /* UIViewController+AlertViewAndActionSheet.h */ = {isa = PBXFileReference; fileEncoding = 4; lastKnownFileType = sourcecode.c.h; path = "UIViewController+AlertViewAndActionSheet.h"; sourceTree = "<group>"; };
		7FCB9C17219962B9000C4C34 /* UICollectionView+IndexPath.m */ = {isa = PBXFileReference; fileEncoding = 4; lastKnownFileType = sourcecode.c.objc; path = "UICollectionView+IndexPath.m"; sourceTree = "<group>"; };
		7FCB9C18219962B9000C4C34 /* UICollectionView+IndexPath.h */ = {isa = PBXFileReference; fileEncoding = 4; lastKnownFileType = sourcecode.c.h; path = "UICollectionView+IndexPath.h"; sourceTree = "<group>"; };
		7FCB9C19219962B9000C4C34 /* UIViewController+AlertViewAndActionSheet.m */ = {isa = PBXFileReference; fileEncoding = 4; lastKnownFileType = sourcecode.c.objc; path = "UIViewController+AlertViewAndActionSheet.m"; sourceTree = "<group>"; };
		7FCB9C1A219962B9000C4C34 /* UIButton+XYButton.m */ = {isa = PBXFileReference; fileEncoding = 4; lastKnownFileType = sourcecode.c.objc; path = "UIButton+XYButton.m"; sourceTree = "<group>"; };
		7FCB9C1C219962B9000C4C34 /* FFTagsView.h */ = {isa = PBXFileReference; fileEncoding = 4; lastKnownFileType = sourcecode.c.h; path = FFTagsView.h; sourceTree = "<group>"; };
		7FCB9C1D219962B9000C4C34 /* TagsButton.h */ = {isa = PBXFileReference; fileEncoding = 4; lastKnownFileType = sourcecode.c.h; path = TagsButton.h; sourceTree = "<group>"; };
		7FCB9C1E219962B9000C4C34 /* FFTagsView.m */ = {isa = PBXFileReference; fileEncoding = 4; lastKnownFileType = sourcecode.c.objc; path = FFTagsView.m; sourceTree = "<group>"; };
		7FCB9C1F219962B9000C4C34 /* TagsButton.m */ = {isa = PBXFileReference; fileEncoding = 4; lastKnownFileType = sourcecode.c.objc; path = TagsButton.m; sourceTree = "<group>"; };
		7FCB9C24219962B9000C4C34 /* AdPageView.m */ = {isa = PBXFileReference; fileEncoding = 4; lastKnownFileType = sourcecode.c.objc; path = AdPageView.m; sourceTree = "<group>"; };
		7FCB9C25219962B9000C4C34 /* AdPageView.h */ = {isa = PBXFileReference; fileEncoding = 4; lastKnownFileType = sourcecode.c.h; path = AdPageView.h; sourceTree = "<group>"; };
		7FCB9C27219962B9000C4C34 /* PPNetworkHelper.m */ = {isa = PBXFileReference; fileEncoding = 4; lastKnownFileType = sourcecode.c.objc; path = PPNetworkHelper.m; sourceTree = "<group>"; };
		7FCB9C28219962B9000C4C34 /* HeaderModel.m */ = {isa = PBXFileReference; fileEncoding = 4; lastKnownFileType = sourcecode.c.objc; path = HeaderModel.m; sourceTree = "<group>"; };
		7FCB9C29219962B9000C4C34 /* PPNetworkCache.h */ = {isa = PBXFileReference; fileEncoding = 4; lastKnownFileType = sourcecode.c.h; path = PPNetworkCache.h; sourceTree = "<group>"; };
		7FCB9C2A219962B9000C4C34 /* HeaderModel.h */ = {isa = PBXFileReference; fileEncoding = 4; lastKnownFileType = sourcecode.c.h; path = HeaderModel.h; sourceTree = "<group>"; };
		7FCB9C2B219962B9000C4C34 /* PPNetworkHelper.h */ = {isa = PBXFileReference; fileEncoding = 4; lastKnownFileType = sourcecode.c.h; path = PPNetworkHelper.h; sourceTree = "<group>"; };
		7FCB9C2C219962B9000C4C34 /* PPNetworkCache.m */ = {isa = PBXFileReference; fileEncoding = 4; lastKnownFileType = sourcecode.c.objc; path = PPNetworkCache.m; sourceTree = "<group>"; };
		7FCB9C2E219962B9000C4C34 /* YYFPSLabel.h */ = {isa = PBXFileReference; fileEncoding = 4; lastKnownFileType = sourcecode.c.h; path = YYFPSLabel.h; sourceTree = "<group>"; };
		7FCB9C2F219962B9000C4C34 /* YYFPSLabel.m */ = {isa = PBXFileReference; fileEncoding = 4; lastKnownFileType = sourcecode.c.objc; path = YYFPSLabel.m; sourceTree = "<group>"; };
		7FCB9C31219962B9000C4C34 /* SandBoxHelper.m */ = {isa = PBXFileReference; fileEncoding = 4; lastKnownFileType = sourcecode.c.objc; path = SandBoxHelper.m; sourceTree = "<group>"; };
		7FCB9C32219962B9000C4C34 /* SandBoxHelper.h */ = {isa = PBXFileReference; fileEncoding = 4; lastKnownFileType = sourcecode.c.h; path = SandBoxHelper.h; sourceTree = "<group>"; };
		7FCB9C34219962B9000C4C34 /* MBProgressHUD+XY.h */ = {isa = PBXFileReference; fileEncoding = 4; lastKnownFileType = sourcecode.c.h; path = "MBProgressHUD+XY.h"; sourceTree = "<group>"; };
		7FCB9C35219962B9000C4C34 /* MBProgressHUD+XY.m */ = {isa = PBXFileReference; fileEncoding = 4; lastKnownFileType = sourcecode.c.objc; path = "MBProgressHUD+XY.m"; sourceTree = "<group>"; };
		7FCB9C37219962B9000C4C34 /* UIView+SDExtension.h */ = {isa = PBXFileReference; fileEncoding = 4; lastKnownFileType = sourcecode.c.h; path = "UIView+SDExtension.h"; sourceTree = "<group>"; };
		7FCB9C38219962B9000C4C34 /* SDCycleScrollView.h */ = {isa = PBXFileReference; fileEncoding = 4; lastKnownFileType = sourcecode.c.h; path = SDCycleScrollView.h; sourceTree = "<group>"; };
		7FCB9C39219962B9000C4C34 /* SDCollectionViewCell.h */ = {isa = PBXFileReference; fileEncoding = 4; lastKnownFileType = sourcecode.c.h; path = SDCollectionViewCell.h; sourceTree = "<group>"; };
		7FCB9C3A219962B9000C4C34 /* SDCycleScrollView.m */ = {isa = PBXFileReference; fileEncoding = 4; lastKnownFileType = sourcecode.c.objc; path = SDCycleScrollView.m; sourceTree = "<group>"; };
		7FCB9C3B219962B9000C4C34 /* UIView+SDExtension.m */ = {isa = PBXFileReference; fileEncoding = 4; lastKnownFileType = sourcecode.c.objc; path = "UIView+SDExtension.m"; sourceTree = "<group>"; };
		7FCB9C3C219962B9000C4C34 /* SDCollectionViewCell.m */ = {isa = PBXFileReference; fileEncoding = 4; lastKnownFileType = sourcecode.c.objc; path = SDCollectionViewCell.m; sourceTree = "<group>"; };
		7FCB9C3E219962B9000C4C34 /* TAAbstractDotView.h */ = {isa = PBXFileReference; fileEncoding = 4; lastKnownFileType = sourcecode.c.h; path = TAAbstractDotView.h; sourceTree = "<group>"; };
		7FCB9C3F219962B9000C4C34 /* TADotView.m */ = {isa = PBXFileReference; fileEncoding = 4; lastKnownFileType = sourcecode.c.objc; path = TADotView.m; sourceTree = "<group>"; };
		7FCB9C40219962B9000C4C34 /* TAPageControl.m */ = {isa = PBXFileReference; fileEncoding = 4; lastKnownFileType = sourcecode.c.objc; path = TAPageControl.m; sourceTree = "<group>"; };
		7FCB9C41219962B9000C4C34 /* TAAnimatedDotView.m */ = {isa = PBXFileReference; fileEncoding = 4; lastKnownFileType = sourcecode.c.objc; path = TAAnimatedDotView.m; sourceTree = "<group>"; };
		7FCB9C42219962B9000C4C34 /* TAAbstractDotView.m */ = {isa = PBXFileReference; fileEncoding = 4; lastKnownFileType = sourcecode.c.objc; path = TAAbstractDotView.m; sourceTree = "<group>"; };
		7FCB9C43219962B9000C4C34 /* TADotView.h */ = {isa = PBXFileReference; fileEncoding = 4; lastKnownFileType = sourcecode.c.h; path = TADotView.h; sourceTree = "<group>"; };
		7FCB9C44219962B9000C4C34 /* TAAnimatedDotView.h */ = {isa = PBXFileReference; fileEncoding = 4; lastKnownFileType = sourcecode.c.h; path = TAAnimatedDotView.h; sourceTree = "<group>"; };
		7FCB9C45219962B9000C4C34 /* TAPageControl.h */ = {isa = PBXFileReference; fileEncoding = 4; lastKnownFileType = sourcecode.c.h; path = TAPageControl.h; sourceTree = "<group>"; };
		7FCB9C47219962B9000C4C34 /* XYTransition.h */ = {isa = PBXFileReference; fileEncoding = 4; lastKnownFileType = sourcecode.c.h; path = XYTransition.h; sourceTree = "<group>"; };
		7FCB9C48219962B9000C4C34 /* XYTransition.m */ = {isa = PBXFileReference; fileEncoding = 4; lastKnownFileType = sourcecode.c.objc; path = XYTransition.m; sourceTree = "<group>"; };
		7FCB9C49219962B9000C4C34 /* XYTransitionProtocol.h */ = {isa = PBXFileReference; fileEncoding = 4; lastKnownFileType = sourcecode.c.h; path = XYTransitionProtocol.h; sourceTree = "<group>"; };
		7FCB9C4B219962B9000C4C34 /* AESCipher.m */ = {isa = PBXFileReference; fileEncoding = 4; lastKnownFileType = sourcecode.c.objc; path = AESCipher.m; sourceTree = "<group>"; };
		7FCB9C4C219962B9000C4C34 /* AESCipher.h */ = {isa = PBXFileReference; fileEncoding = 4; lastKnownFileType = sourcecode.c.h; path = AESCipher.h; sourceTree = "<group>"; };
		7FCB9C66219962CD000C4C34 /* XLJSHandler.m */ = {isa = PBXFileReference; fileEncoding = 4; lastKnownFileType = sourcecode.c.objc; path = XLJSHandler.m; sourceTree = "<group>"; };
		7FCB9C67219962CD000C4C34 /* XLWebViewController.h */ = {isa = PBXFileReference; fileEncoding = 4; lastKnownFileType = sourcecode.c.h; path = XLWebViewController.h; sourceTree = "<group>"; };
		7FCB9C68219962CD000C4C34 /* RootWebViewController.h */ = {isa = PBXFileReference; fileEncoding = 4; lastKnownFileType = sourcecode.c.h; path = RootWebViewController.h; sourceTree = "<group>"; };
		7FCB9C69219962CD000C4C34 /* JSToOC.html */ = {isa = PBXFileReference; fileEncoding = 4; lastKnownFileType = text.html; path = JSToOC.html; sourceTree = "<group>"; };
		7FCB9C6A219962CD000C4C34 /* XLWebViewController.m */ = {isa = PBXFileReference; fileEncoding = 4; lastKnownFileType = sourcecode.c.objc; path = XLWebViewController.m; sourceTree = "<group>"; };
		7FCB9C6B219962CD000C4C34 /* XLJSHandler.h */ = {isa = PBXFileReference; fileEncoding = 4; lastKnownFileType = sourcecode.c.h; path = XLJSHandler.h; sourceTree = "<group>"; };
		7FCB9C6C219962CD000C4C34 /* RootWebViewController.m */ = {isa = PBXFileReference; fileEncoding = 4; lastKnownFileType = sourcecode.c.objc; path = RootWebViewController.m; sourceTree = "<group>"; };
		7FCB9C6E219962CD000C4C34 /* RootNavigationController.m */ = {isa = PBXFileReference; fileEncoding = 4; lastKnownFileType = sourcecode.c.objc; path = RootNavigationController.m; sourceTree = "<group>"; };
		7FCB9C6F219962CD000C4C34 /* RootNavigationController.h */ = {isa = PBXFileReference; fileEncoding = 4; lastKnownFileType = sourcecode.c.h; path = RootNavigationController.h; sourceTree = "<group>"; };
		7FCB9C71219962CD000C4C34 /* BaseRequestAPI.h */ = {isa = PBXFileReference; fileEncoding = 4; lastKnownFileType = sourcecode.c.h; path = BaseRequestAPI.h; sourceTree = "<group>"; };
		7FCB9C72219962CD000C4C34 /* BaseRequestAPI.m */ = {isa = PBXFileReference; fileEncoding = 4; lastKnownFileType = sourcecode.c.objc; path = BaseRequestAPI.m; sourceTree = "<group>"; };
		7FCB9C74219962CD000C4C34 /* BaseTableViewCell.m */ = {isa = PBXFileReference; fileEncoding = 4; lastKnownFileType = sourcecode.c.objc; path = BaseTableViewCell.m; sourceTree = "<group>"; };
		7FCB9C75219962CD000C4C34 /* HSBaseCellModel.m */ = {isa = PBXFileReference; fileEncoding = 4; lastKnownFileType = sourcecode.c.objc; path = HSBaseCellModel.m; sourceTree = "<group>"; };
		7FCB9C76219962CD000C4C34 /* HSBaseCellModel.h */ = {isa = PBXFileReference; fileEncoding = 4; lastKnownFileType = sourcecode.c.h; path = HSBaseCellModel.h; sourceTree = "<group>"; };
		7FCB9C77219962CD000C4C34 /* BaseTableViewCell.h */ = {isa = PBXFileReference; fileEncoding = 4; lastKnownFileType = sourcecode.c.h; path = BaseTableViewCell.h; sourceTree = "<group>"; };
		7FCB9C79219962CD000C4C34 /* RootViewController.m */ = {isa = PBXFileReference; fileEncoding = 4; lastKnownFileType = sourcecode.c.objc; path = RootViewController.m; sourceTree = "<group>"; };
		7FCB9C7A219962CD000C4C34 /* RootViewController.h */ = {isa = PBXFileReference; fileEncoding = 4; lastKnownFileType = sourcecode.c.h; path = RootViewController.h; sourceTree = "<group>"; };
		7FCB9C7C219962CD000C4C34 /* UITabBar+CustomBadge.m */ = {isa = PBXFileReference; fileEncoding = 4; lastKnownFileType = sourcecode.c.objc; path = "UITabBar+CustomBadge.m"; sourceTree = "<group>"; };
		7FCB9C7D219962CD000C4C34 /* XYTabBar.h */ = {isa = PBXFileReference; fileEncoding = 4; lastKnownFileType = sourcecode.c.h; path = XYTabBar.h; sourceTree = "<group>"; };
		7FCB9C7E219962CD000C4C34 /* MainTabBarController.m */ = {isa = PBXFileReference; fileEncoding = 4; lastKnownFileType = sourcecode.c.objc; path = MainTabBarController.m; sourceTree = "<group>"; };
		7FCB9C7F219962CD000C4C34 /* XYTabBar.m */ = {isa = PBXFileReference; fileEncoding = 4; lastKnownFileType = sourcecode.c.objc; path = XYTabBar.m; sourceTree = "<group>"; };
		7FCB9C80219962CD000C4C34 /* UITabBar+CustomBadge.h */ = {isa = PBXFileReference; fileEncoding = 4; lastKnownFileType = sourcecode.c.h; path = "UITabBar+CustomBadge.h"; sourceTree = "<group>"; };
		7FCB9C81219962CD000C4C34 /* MainTabBarController.h */ = {isa = PBXFileReference; fileEncoding = 4; lastKnownFileType = sourcecode.c.h; path = MainTabBarController.h; sourceTree = "<group>"; };
		7FCB9C8F219962DD000C4C34 /* UtilsMacros.h */ = {isa = PBXFileReference; fileEncoding = 4; lastKnownFileType = sourcecode.c.h; path = UtilsMacros.h; sourceTree = "<group>"; };
		7FCB9C90219962DD000C4C34 /* CommonMacros.h */ = {isa = PBXFileReference; fileEncoding = 4; lastKnownFileType = sourcecode.c.h; path = CommonMacros.h; sourceTree = "<group>"; };
		7FCB9C91219962DD000C4C34 /* ThirdMacros.h */ = {isa = PBXFileReference; fileEncoding = 4; lastKnownFileType = sourcecode.c.h; path = ThirdMacros.h; sourceTree = "<group>"; };
		7FCB9C92219962DD000C4C34 /* FontAndColorMacros.h */ = {isa = PBXFileReference; fileEncoding = 4; lastKnownFileType = sourcecode.c.h; path = FontAndColorMacros.h; sourceTree = "<group>"; };
		7FCB9C93219962DD000C4C34 /* URLMacros.h */ = {isa = PBXFileReference; fileEncoding = 4; lastKnownFileType = sourcecode.c.h; path = URLMacros.h; sourceTree = "<group>"; };
		7FCB9C9421996AFA000C4C34 /* PrefixHeader.pch */ = {isa = PBXFileReference; fileEncoding = 4; lastKnownFileType = sourcecode.c.h; path = PrefixHeader.pch; sourceTree = "<group>"; };
		7FCB9C9521996C91000C4C34 /* AppDelegate+AppService.m */ = {isa = PBXFileReference; fileEncoding = 4; lastKnownFileType = sourcecode.c.objc; path = "AppDelegate+AppService.m"; sourceTree = "<group>"; };
		7FCB9C9621996C91000C4C34 /* AppDelegate+PushService.h */ = {isa = PBXFileReference; fileEncoding = 4; lastKnownFileType = sourcecode.c.h; path = "AppDelegate+PushService.h"; sourceTree = "<group>"; };
		7FCB9C9721996C91000C4C34 /* AppDelegate+AppService.h */ = {isa = PBXFileReference; fileEncoding = 4; lastKnownFileType = sourcecode.c.h; path = "AppDelegate+AppService.h"; sourceTree = "<group>"; };
		7FCB9C9821996C92000C4C34 /* AppDelegate+PushService.m */ = {isa = PBXFileReference; fileEncoding = 4; lastKnownFileType = sourcecode.c.objc; path = "AppDelegate+PushService.m"; sourceTree = "<group>"; };
		7FCB9CB42199704D000C4C34 /* UMSocialSDKResources.bundle */ = {isa = PBXFileReference; lastKnownFileType = "wrapper.plug-in"; path = UMSocialSDKResources.bundle; sourceTree = "<group>"; };
		7FCB9CB52199704D000C4C34 /* UShareUI.framework */ = {isa = PBXFileReference; lastKnownFileType = wrapper.framework; path = UShareUI.framework; sourceTree = "<group>"; };
		7FCB9CB72199704D000C4C34 /* UMSocialNetwork.framework */ = {isa = PBXFileReference; lastKnownFileType = wrapper.framework; path = UMSocialNetwork.framework; sourceTree = "<group>"; };
		7FCB9CB82199704D000C4C34 /* UMSocialSDKPromptResources.bundle */ = {isa = PBXFileReference; lastKnownFileType = "wrapper.plug-in"; path = UMSocialSDKPromptResources.bundle; sourceTree = "<group>"; };
		7FCB9CB92199704D000C4C34 /* UMSocialCore.framework */ = {isa = PBXFileReference; lastKnownFileType = wrapper.framework; path = UMSocialCore.framework; sourceTree = "<group>"; };
		7FCB9CBC2199704D000C4C34 /* libSocialWeChat.a */ = {isa = PBXFileReference; lastKnownFileType = archive.ar; path = libSocialWeChat.a; sourceTree = "<group>"; };
		7FCB9CBD2199704D000C4C34 /* UMSocialWechatHandler.h */ = {isa = PBXFileReference; fileEncoding = 4; lastKnownFileType = sourcecode.c.h; path = UMSocialWechatHandler.h; sourceTree = "<group>"; };
		7FCB9CBF2199704D000C4C34 /* UMSocialQQHandler.h */ = {isa = PBXFileReference; fileEncoding = 4; lastKnownFileType = sourcecode.c.h; path = UMSocialQQHandler.h; sourceTree = "<group>"; };
		7FCB9CC02199704D000C4C34 /* libSocialQQ.a */ = {isa = PBXFileReference; lastKnownFileType = archive.ar; path = libSocialQQ.a; sourceTree = "<group>"; };
		7FCB9CC22199704D000C4C34 /* libUMSocialLog.a */ = {isa = PBXFileReference; lastKnownFileType = archive.ar; path = libUMSocialLog.a; sourceTree = "<group>"; };
		7FD82B4721A2A8B3001A3B48 /* HomeViewController.h */ = {isa = PBXFileReference; lastKnownFileType = sourcecode.c.h; path = HomeViewController.h; sourceTree = "<group>"; };
		7FD82B4821A2A8B3001A3B48 /* HomeViewController.m */ = {isa = PBXFileReference; lastKnownFileType = sourcecode.c.objc; path = HomeViewController.m; sourceTree = "<group>"; };
		7FD82B4A21A2A8C8001A3B48 /* ReportStageViewController.h */ = {isa = PBXFileReference; lastKnownFileType = sourcecode.c.h; path = ReportStageViewController.h; sourceTree = "<group>"; };
		7FD82B4B21A2A8C8001A3B48 /* ReportStageViewController.m */ = {isa = PBXFileReference; lastKnownFileType = sourcecode.c.objc; path = ReportStageViewController.m; sourceTree = "<group>"; };
		7FD82B4D21A2A8D5001A3B48 /* PublishViewController.h */ = {isa = PBXFileReference; lastKnownFileType = sourcecode.c.h; path = PublishViewController.h; sourceTree = "<group>"; };
		7FD82B4E21A2A8D5001A3B48 /* PublishViewController.m */ = {isa = PBXFileReference; lastKnownFileType = sourcecode.c.objc; path = PublishViewController.m; sourceTree = "<group>"; };
		7FD82B5021A2A8E2001A3B48 /* MineViewController.h */ = {isa = PBXFileReference; lastKnownFileType = sourcecode.c.h; path = MineViewController.h; sourceTree = "<group>"; };
		7FD82B5121A2A8E2001A3B48 /* MineViewController.m */ = {isa = PBXFileReference; lastKnownFileType = sourcecode.c.objc; path = MineViewController.m; sourceTree = "<group>"; };
		7FD82B5821A4128E001A3B48 /* LoginViewController.h */ = {isa = PBXFileReference; lastKnownFileType = sourcecode.c.h; path = LoginViewController.h; sourceTree = "<group>"; };
		7FD82B5921A4128E001A3B48 /* LoginViewController.m */ = {isa = PBXFileReference; lastKnownFileType = sourcecode.c.objc; path = LoginViewController.m; sourceTree = "<group>"; };
		8E13503AEAB62D6D243134E7 /* libPods-jhzxProject.a */ = {isa = PBXFileReference; explicitFileType = archive.ar; includeInIndex = 0; path = "libPods-jhzxProject.a"; sourceTree = BUILT_PRODUCTS_DIR; };
/* End PBXFileReference section */

/* Begin PBXFrameworksBuildPhase section */
		7FCB9BBE21995BD9000C4C34 /* Frameworks */ = {
			isa = PBXFrameworksBuildPhase;
			buildActionMask = 2147483647;
			files = (
				7FCB9CC92199704D000C4C34 /* libSocialQQ.a in Frameworks */,
				7FCB9CC72199704D000C4C34 /* UMSocialCore.framework in Frameworks */,
				7FCB9CC82199704D000C4C34 /* libSocialWeChat.a in Frameworks */,
				7FCB9CC42199704D000C4C34 /* UShareUI.framework in Frameworks */,
				7FCB9CCA2199704D000C4C34 /* libUMSocialLog.a in Frameworks */,
				52D6ADA8BC7C6CC87EB391A9 /* libPods-jhzxProject.a in Frameworks */,
				7FCB9CC52199704D000C4C34 /* UMSocialNetwork.framework in Frameworks */,
			);
			runOnlyForDeploymentPostprocessing = 0;
		};
		7FCB9BD621995BDE000C4C34 /* Frameworks */ = {
			isa = PBXFrameworksBuildPhase;
			buildActionMask = 2147483647;
			files = (
			);
			runOnlyForDeploymentPostprocessing = 0;
		};
		7FCB9BE121995BDE000C4C34 /* Frameworks */ = {
			isa = PBXFrameworksBuildPhase;
			buildActionMask = 2147483647;
			files = (
			);
			runOnlyForDeploymentPostprocessing = 0;
		};
/* End PBXFrameworksBuildPhase section */

/* Begin PBXGroup section */
		42F505CB966D1C8058D4EC52 /* Frameworks */ = {
			isa = PBXGroup;
			children = (
				8E13503AEAB62D6D243134E7 /* libPods-jhzxProject.a */,
			);
			name = Frameworks;
			sourceTree = "<group>";
		};
		7FCB9BB821995BD9000C4C34 = {
			isa = PBXGroup;
			children = (
				7FCB9BC321995BD9000C4C34 /* jhzxProject */,
				7FCB9BDC21995BDE000C4C34 /* jhzxProjectTests */,
				7FCB9BE721995BDE000C4C34 /* jhzxProjectUITests */,
				7FCB9BC221995BD9000C4C34 /* Products */,
				812F5E135B9238BE4719050C /* Pods */,
				42F505CB966D1C8058D4EC52 /* Frameworks */,
			);
			sourceTree = "<group>";
		};
		7FCB9BC221995BD9000C4C34 /* Products */ = {
			isa = PBXGroup;
			children = (
				7FCB9BC121995BD9000C4C34 /* jhzxProject.app */,
				7FCB9BD921995BDE000C4C34 /* jhzxProjectTests.xctest */,
				7FCB9BE421995BDE000C4C34 /* jhzxProjectUITests.xctest */,
			);
			name = Products;
			sourceTree = "<group>";
		};
		7FCB9BC321995BD9000C4C34 /* jhzxProject */ = {
			isa = PBXGroup;
			children = (
				7FD82B2D21A2A007001A3B48 /* Modules */,
				7FCB9DE3219A7853000C4C34 /* AppDelegate */,
				7FCB9C64219962CD000C4C34 /* Base */,
				7FCB9C10219962B9000C4C34 /* Utils */,
				7FCB9BF6219962A9000C4C34 /* Manager */,
				7FCB9C8E219962DD000C4C34 /* Define */,
				7FCB9CB12199704D000C4C34 /* ThridParty */,
				7FCB9DE4219A7893000C4C34 /* Supporting Files */,
			);
			path = jhzxProject;
			sourceTree = "<group>";
		};
		7FCB9BDC21995BDE000C4C34 /* jhzxProjectTests */ = {
			isa = PBXGroup;
			children = (
				7FCB9BDD21995BDE000C4C34 /* jhzxProjectTests.m */,
				7FCB9BDF21995BDE000C4C34 /* Info.plist */,
			);
			path = jhzxProjectTests;
			sourceTree = "<group>";
		};
		7FCB9BE721995BDE000C4C34 /* jhzxProjectUITests */ = {
			isa = PBXGroup;
			children = (
				7FCB9BE821995BDE000C4C34 /* jhzxProjectUITests.m */,
				7FCB9BEA21995BDE000C4C34 /* Info.plist */,
			);
			path = jhzxProjectUITests;
			sourceTree = "<group>";
		};
		7FCB9BF6219962A9000C4C34 /* Manager */ = {
			isa = PBXGroup;
			children = (
				7FCB9BF7219962A9000C4C34 /* AppManager.h */,
				7FCB9BFE219962A9000C4C34 /* AppManager.m */,
				7FCB9BFB219962A9000C4C34 /* ShareManager.h */,
				7FCB9C07219962A9000C4C34 /* ShareManager.m */,
				7FCB9BFC219962A9000C4C34 /* IAPManager.h */,
				7FCB9BF9219962A9000C4C34 /* IAPManager.m */,
				7FCB9BFF219962A9000C4C34 /* IMManager.h */,
				7FCB9BFA219962A9000C4C34 /* IMManager.m */,
				7FCB9C00219962A9000C4C34 /* UserManager */,
			);
			path = Manager;
			sourceTree = "<group>";
		};
		7FCB9C00219962A9000C4C34 /* UserManager */ = {
			isa = PBXGroup;
			children = (
				7FCB9C01219962A9000C4C34 /* GameInfo.m */,
				7FCB9C02219962A9000C4C34 /* UserManager.m */,
				7FCB9C03219962A9000C4C34 /* UserInfo.m */,
				7FCB9C04219962A9000C4C34 /* UserManager.h */,
				7FCB9C05219962A9000C4C34 /* GameInfo.h */,
				7FCB9C06219962A9000C4C34 /* UserInfo.h */,
			);
			path = UserManager;
			sourceTree = "<group>";
		};
		7FCB9C10219962B9000C4C34 /* Utils */ = {
			isa = PBXGroup;
			children = (
				7FCB9C11219962B9000C4C34 /* OpenUDID */,
				7FCB9C14219962B9000C4C34 /* Category */,
				7FCB9C1B219962B9000C4C34 /* TagsView */,
				7FCB9C23219962B9000C4C34 /* AdPage */,
				7FCB9C26219962B9000C4C34 /* NetWork */,
				7FCB9C2D219962B9000C4C34 /* Other */,
				7FCB9C30219962B9000C4C34 /* SandBoxHelper */,
				7FCB9C33219962B9000C4C34 /* MBProgressHUD */,
				7FCB9C36219962B9000C4C34 /* SDCycleScrollView */,
				7FCB9C46219962B9000C4C34 /* XYTransition */,
				7FCB9C4A219962B9000C4C34 /* AES */,
			);
			path = Utils;
			sourceTree = "<group>";
		};
		7FCB9C11219962B9000C4C34 /* OpenUDID */ = {
			isa = PBXGroup;
			children = (
				7FCB9C12219962B9000C4C34 /* OpenUDID.m */,
				7FCB9C13219962B9000C4C34 /* OpenUDID.h */,
			);
			path = OpenUDID;
			sourceTree = "<group>";
		};
		7FCB9C14219962B9000C4C34 /* Category */ = {
			isa = PBXGroup;
			children = (
				7FCB9C15219962B9000C4C34 /* UIButton+XYButton.h */,
				7FCB9C16219962B9000C4C34 /* UIViewController+AlertViewAndActionSheet.h */,
				7FCB9C17219962B9000C4C34 /* UICollectionView+IndexPath.m */,
				7FCB9C18219962B9000C4C34 /* UICollectionView+IndexPath.h */,
				7FCB9C19219962B9000C4C34 /* UIViewController+AlertViewAndActionSheet.m */,
				7FCB9C1A219962B9000C4C34 /* UIButton+XYButton.m */,
			);
			path = Category;
			sourceTree = "<group>";
		};
		7FCB9C1B219962B9000C4C34 /* TagsView */ = {
			isa = PBXGroup;
			children = (
				7FCB9C1C219962B9000C4C34 /* FFTagsView.h */,
				7FCB9C1D219962B9000C4C34 /* TagsButton.h */,
				7FCB9C1E219962B9000C4C34 /* FFTagsView.m */,
				7FCB9C1F219962B9000C4C34 /* TagsButton.m */,
			);
			path = TagsView;
			sourceTree = "<group>";
		};
		7FCB9C23219962B9000C4C34 /* AdPage */ = {
			isa = PBXGroup;
			children = (
				7FCB9C24219962B9000C4C34 /* AdPageView.m */,
				7FCB9C25219962B9000C4C34 /* AdPageView.h */,
			);
			path = AdPage;
			sourceTree = "<group>";
		};
		7FCB9C26219962B9000C4C34 /* NetWork */ = {
			isa = PBXGroup;
			children = (
				7FCB9C29219962B9000C4C34 /* PPNetworkCache.h */,
				7FCB9C2C219962B9000C4C34 /* PPNetworkCache.m */,
				7FCB9C2A219962B9000C4C34 /* HeaderModel.h */,
				7FCB9C28219962B9000C4C34 /* HeaderModel.m */,
				7FCB9C2B219962B9000C4C34 /* PPNetworkHelper.h */,
				7FCB9C27219962B9000C4C34 /* PPNetworkHelper.m */,
			);
			path = NetWork;
			sourceTree = "<group>";
		};
		7FCB9C2D219962B9000C4C34 /* Other */ = {
			isa = PBXGroup;
			children = (
				7FCB9C2E219962B9000C4C34 /* YYFPSLabel.h */,
				7FCB9C2F219962B9000C4C34 /* YYFPSLabel.m */,
			);
			path = Other;
			sourceTree = "<group>";
		};
		7FCB9C30219962B9000C4C34 /* SandBoxHelper */ = {
			isa = PBXGroup;
			children = (
				7FCB9C31219962B9000C4C34 /* SandBoxHelper.m */,
				7FCB9C32219962B9000C4C34 /* SandBoxHelper.h */,
			);
			path = SandBoxHelper;
			sourceTree = "<group>";
		};
		7FCB9C33219962B9000C4C34 /* MBProgressHUD */ = {
			isa = PBXGroup;
			children = (
				7FCB9C34219962B9000C4C34 /* MBProgressHUD+XY.h */,
				7FCB9C35219962B9000C4C34 /* MBProgressHUD+XY.m */,
			);
			path = MBProgressHUD;
			sourceTree = "<group>";
		};
		7FCB9C36219962B9000C4C34 /* SDCycleScrollView */ = {
			isa = PBXGroup;
			children = (
				7FCB9C37219962B9000C4C34 /* UIView+SDExtension.h */,
				7FCB9C38219962B9000C4C34 /* SDCycleScrollView.h */,
				7FCB9C39219962B9000C4C34 /* SDCollectionViewCell.h */,
				7FCB9C3A219962B9000C4C34 /* SDCycleScrollView.m */,
				7FCB9C3B219962B9000C4C34 /* UIView+SDExtension.m */,
				7FCB9C3C219962B9000C4C34 /* SDCollectionViewCell.m */,
				7FCB9C3D219962B9000C4C34 /* PageControl */,
			);
			path = SDCycleScrollView;
			sourceTree = "<group>";
		};
		7FCB9C3D219962B9000C4C34 /* PageControl */ = {
			isa = PBXGroup;
			children = (
				7FCB9C3E219962B9000C4C34 /* TAAbstractDotView.h */,
				7FCB9C3F219962B9000C4C34 /* TADotView.m */,
				7FCB9C40219962B9000C4C34 /* TAPageControl.m */,
				7FCB9C41219962B9000C4C34 /* TAAnimatedDotView.m */,
				7FCB9C42219962B9000C4C34 /* TAAbstractDotView.m */,
				7FCB9C43219962B9000C4C34 /* TADotView.h */,
				7FCB9C44219962B9000C4C34 /* TAAnimatedDotView.h */,
				7FCB9C45219962B9000C4C34 /* TAPageControl.h */,
			);
			path = PageControl;
			sourceTree = "<group>";
		};
		7FCB9C46219962B9000C4C34 /* XYTransition */ = {
			isa = PBXGroup;
			children = (
				7FCB9C47219962B9000C4C34 /* XYTransition.h */,
				7FCB9C48219962B9000C4C34 /* XYTransition.m */,
				7FCB9C49219962B9000C4C34 /* XYTransitionProtocol.h */,
			);
			path = XYTransition;
			sourceTree = "<group>";
		};
		7FCB9C4A219962B9000C4C34 /* AES */ = {
			isa = PBXGroup;
			children = (
				7FCB9C4B219962B9000C4C34 /* AESCipher.m */,
				7FCB9C4C219962B9000C4C34 /* AESCipher.h */,
			);
			path = AES;
			sourceTree = "<group>";
		};
		7FCB9C64219962CD000C4C34 /* Base */ = {
			isa = PBXGroup;
			children = (
				7FCB9C65219962CD000C4C34 /* WebViewController */,
				7FCB9C6D219962CD000C4C34 /* NavigationController */,
				7FCB9C70219962CD000C4C34 /* BaseRequestApi */,
				7FCB9C73219962CD000C4C34 /* BaseCell */,
				7FCB9C78219962CD000C4C34 /* RootViewController */,
				7FCB9C7B219962CD000C4C34 /* TabbarController */,
			);
			path = Base;
			sourceTree = "<group>";
		};
		7FCB9C65219962CD000C4C34 /* WebViewController */ = {
			isa = PBXGroup;
			children = (
				7FCB9C66219962CD000C4C34 /* XLJSHandler.m */,
				7FCB9C67219962CD000C4C34 /* XLWebViewController.h */,
				7FCB9C68219962CD000C4C34 /* RootWebViewController.h */,
				7FCB9C69219962CD000C4C34 /* JSToOC.html */,
				7FCB9C6A219962CD000C4C34 /* XLWebViewController.m */,
				7FCB9C6B219962CD000C4C34 /* XLJSHandler.h */,
				7FCB9C6C219962CD000C4C34 /* RootWebViewController.m */,
			);
			path = WebViewController;
			sourceTree = "<group>";
		};
		7FCB9C6D219962CD000C4C34 /* NavigationController */ = {
			isa = PBXGroup;
			children = (
				7FCB9C6E219962CD000C4C34 /* RootNavigationController.m */,
				7FCB9C6F219962CD000C4C34 /* RootNavigationController.h */,
			);
			path = NavigationController;
			sourceTree = "<group>";
		};
		7FCB9C70219962CD000C4C34 /* BaseRequestApi */ = {
			isa = PBXGroup;
			children = (
				7FCB9C71219962CD000C4C34 /* BaseRequestAPI.h */,
				7FCB9C72219962CD000C4C34 /* BaseRequestAPI.m */,
			);
			path = BaseRequestApi;
			sourceTree = "<group>";
		};
		7FCB9C73219962CD000C4C34 /* BaseCell */ = {
			isa = PBXGroup;
			children = (
				7FCB9C74219962CD000C4C34 /* BaseTableViewCell.m */,
				7FCB9C75219962CD000C4C34 /* HSBaseCellModel.m */,
				7FCB9C76219962CD000C4C34 /* HSBaseCellModel.h */,
				7FCB9C77219962CD000C4C34 /* BaseTableViewCell.h */,
			);
			path = BaseCell;
			sourceTree = "<group>";
		};
		7FCB9C78219962CD000C4C34 /* RootViewController */ = {
			isa = PBXGroup;
			children = (
				7FCB9C79219962CD000C4C34 /* RootViewController.m */,
				7FCB9C7A219962CD000C4C34 /* RootViewController.h */,
			);
			path = RootViewController;
			sourceTree = "<group>";
		};
		7FCB9C7B219962CD000C4C34 /* TabbarController */ = {
			isa = PBXGroup;
			children = (
				7FCB9C7C219962CD000C4C34 /* UITabBar+CustomBadge.m */,
				7FCB9C7D219962CD000C4C34 /* XYTabBar.h */,
				7FCB9C7F219962CD000C4C34 /* XYTabBar.m */,
				7FCB9C80219962CD000C4C34 /* UITabBar+CustomBadge.h */,
				7FCB9C81219962CD000C4C34 /* MainTabBarController.h */,
				7FCB9C7E219962CD000C4C34 /* MainTabBarController.m */,
			);
			path = TabbarController;
			sourceTree = "<group>";
		};
		7FCB9C8E219962DD000C4C34 /* Define */ = {
			isa = PBXGroup;
			children = (
				7FCB9C8F219962DD000C4C34 /* UtilsMacros.h */,
				7FCB9C90219962DD000C4C34 /* CommonMacros.h */,
				7FCB9C91219962DD000C4C34 /* ThirdMacros.h */,
				7FCB9C92219962DD000C4C34 /* FontAndColorMacros.h */,
				7FCB9C93219962DD000C4C34 /* URLMacros.h */,
			);
			path = Define;
			sourceTree = "<group>";
		};
		7FCB9CB12199704D000C4C34 /* ThridParty */ = {
			isa = PBXGroup;
			children = (
				7FCB9CB22199704D000C4C34 /* UMSocial */,
			);
			path = ThridParty;
			sourceTree = "<group>";
		};
		7FCB9CB22199704D000C4C34 /* UMSocial */ = {
			isa = PBXGroup;
			children = (
				7FCB9CB32199704D000C4C34 /* UMSocialUI */,
				7FCB9CB62199704D000C4C34 /* UMSocialSDK */,
				7FCB9CBA2199704D000C4C34 /* SocialLibraries */,
				7FCB9CC12199704D000C4C34 /* UMSocialSDKPlugin */,
			);
			path = UMSocial;
			sourceTree = "<group>";
		};
		7FCB9CB32199704D000C4C34 /* UMSocialUI */ = {
			isa = PBXGroup;
			children = (
				7FCB9CB42199704D000C4C34 /* UMSocialSDKResources.bundle */,
				7FCB9CB52199704D000C4C34 /* UShareUI.framework */,
			);
			path = UMSocialUI;
			sourceTree = "<group>";
		};
		7FCB9CB62199704D000C4C34 /* UMSocialSDK */ = {
			isa = PBXGroup;
			children = (
				7FCB9CB72199704D000C4C34 /* UMSocialNetwork.framework */,
				7FCB9CB82199704D000C4C34 /* UMSocialSDKPromptResources.bundle */,
				7FCB9CB92199704D000C4C34 /* UMSocialCore.framework */,
			);
			path = UMSocialSDK;
			sourceTree = "<group>";
		};
		7FCB9CBA2199704D000C4C34 /* SocialLibraries */ = {
			isa = PBXGroup;
			children = (
				7FCB9CBB2199704D000C4C34 /* WeChat */,
				7FCB9CBE2199704D000C4C34 /* QQ */,
			);
			path = SocialLibraries;
			sourceTree = "<group>";
		};
		7FCB9CBB2199704D000C4C34 /* WeChat */ = {
			isa = PBXGroup;
			children = (
				7FCB9CBC2199704D000C4C34 /* libSocialWeChat.a */,
				7FCB9CBD2199704D000C4C34 /* UMSocialWechatHandler.h */,
			);
			path = WeChat;
			sourceTree = "<group>";
		};
		7FCB9CBE2199704D000C4C34 /* QQ */ = {
			isa = PBXGroup;
			children = (
				7FCB9CBF2199704D000C4C34 /* UMSocialQQHandler.h */,
				7FCB9CC02199704D000C4C34 /* libSocialQQ.a */,
			);
			path = QQ;
			sourceTree = "<group>";
		};
		7FCB9CC12199704D000C4C34 /* UMSocialSDKPlugin */ = {
			isa = PBXGroup;
			children = (
				7FCB9CC22199704D000C4C34 /* libUMSocialLog.a */,
			);
			path = UMSocialSDKPlugin;
			sourceTree = "<group>";
		};
		7FCB9DE3219A7853000C4C34 /* AppDelegate */ = {
			isa = PBXGroup;
			children = (
				7FCB9BC421995BD9000C4C34 /* AppDelegate.h */,
				7FCB9BC521995BD9000C4C34 /* AppDelegate.m */,
				7FCB9C9721996C91000C4C34 /* AppDelegate+AppService.h */,
				7FCB9C9521996C91000C4C34 /* AppDelegate+AppService.m */,
				7FCB9C9621996C91000C4C34 /* AppDelegate+PushService.h */,
				7FCB9C9821996C92000C4C34 /* AppDelegate+PushService.m */,
			);
			path = AppDelegate;
			sourceTree = "<group>";
		};
		7FCB9DE4219A7893000C4C34 /* Supporting Files */ = {
			isa = PBXGroup;
			children = (
				7FCB9BCD21995BDD000C4C34 /* Assets.xcassets */,
				7FCB9BCF21995BDD000C4C34 /* LaunchScreen.storyboard */,
				7FCB9BD221995BDD000C4C34 /* Info.plist */,
				7FCB9C9421996AFA000C4C34 /* PrefixHeader.pch */,
				7FCB9BD321995BDD000C4C34 /* main.m */,
			);
			path = "Supporting Files";
			sourceTree = "<group>";
		};
		7FD82B2D21A2A007001A3B48 /* Modules */ = {
			isa = PBXGroup;
			children = (
				7FD82B5321A41275001A3B48 /* Login */,
				7FD82B3321A2A0EA001A3B48 /* Home */,
				7FD82B3821A2A0FE001A3B48 /* ReportStage */,
				7FD82B3D21A2A10F001A3B48 /* Publish */,
				7FD82B4221A2A12C001A3B48 /* Mine */,
			);
			path = Modules;
			sourceTree = "<group>";
		};
		7FD82B3321A2A0EA001A3B48 /* Home */ = {
			isa = PBXGroup;
			children = (
				7FD82B3421A2A0EA001A3B48 /* ViewModel */,
				7FD82B3521A2A0EA001A3B48 /* Controller */,
				7FD82B3621A2A0EA001A3B48 /* Model */,
				7FD82B3721A2A0EA001A3B48 /* View */,
			);
			path = Home;
			sourceTree = "<group>";
		};
		7FD82B3421A2A0EA001A3B48 /* ViewModel */ = {
			isa = PBXGroup;
			children = (
			);
			path = ViewModel;
			sourceTree = "<group>";
		};
		7FD82B3521A2A0EA001A3B48 /* Controller */ = {
			isa = PBXGroup;
			children = (
				7FD82B4721A2A8B3001A3B48 /* HomeViewController.h */,
				7FD82B4821A2A8B3001A3B48 /* HomeViewController.m */,
			);
			path = Controller;
			sourceTree = "<group>";
		};
		7FD82B3621A2A0EA001A3B48 /* Model */ = {
			isa = PBXGroup;
			children = (
			);
			path = Model;
			sourceTree = "<group>";
		};
		7FD82B3721A2A0EA001A3B48 /* View */ = {
			isa = PBXGroup;
			children = (
			);
			path = View;
			sourceTree = "<group>";
		};
		7FD82B3821A2A0FE001A3B48 /* ReportStage */ = {
			isa = PBXGroup;
			children = (
				7FD82B3921A2A0FE001A3B48 /* ViewModel */,
				7FD82B3A21A2A0FE001A3B48 /* Controller */,
				7FD82B3B21A2A0FE001A3B48 /* Model */,
				7FD82B3C21A2A0FE001A3B48 /* View */,
			);
			path = ReportStage;
			sourceTree = "<group>";
		};
		7FD82B3921A2A0FE001A3B48 /* ViewModel */ = {
			isa = PBXGroup;
			children = (
			);
			path = ViewModel;
			sourceTree = "<group>";
		};
		7FD82B3A21A2A0FE001A3B48 /* Controller */ = {
			isa = PBXGroup;
			children = (
				7FD82B4A21A2A8C8001A3B48 /* ReportStageViewController.h */,
				7FD82B4B21A2A8C8001A3B48 /* ReportStageViewController.m */,
			);
			path = Controller;
			sourceTree = "<group>";
		};
		7FD82B3B21A2A0FE001A3B48 /* Model */ = {
			isa = PBXGroup;
			children = (
			);
			path = Model;
			sourceTree = "<group>";
		};
		7FD82B3C21A2A0FE001A3B48 /* View */ = {
			isa = PBXGroup;
			children = (
			);
			path = View;
			sourceTree = "<group>";
		};
		7FD82B3D21A2A10F001A3B48 /* Publish */ = {
			isa = PBXGroup;
			children = (
				7FD82B3E21A2A10F001A3B48 /* ViewModel */,
				7FD82B3F21A2A10F001A3B48 /* Controller */,
				7FD82B4021A2A10F001A3B48 /* Model */,
				7FD82B4121A2A10F001A3B48 /* View */,
			);
			path = Publish;
			sourceTree = "<group>";
		};
		7FD82B3E21A2A10F001A3B48 /* ViewModel */ = {
			isa = PBXGroup;
			children = (
			);
			path = ViewModel;
			sourceTree = "<group>";
		};
		7FD82B3F21A2A10F001A3B48 /* Controller */ = {
			isa = PBXGroup;
			children = (
				7FD82B4D21A2A8D5001A3B48 /* PublishViewController.h */,
				7FD82B4E21A2A8D5001A3B48 /* PublishViewController.m */,
			);
			path = Controller;
			sourceTree = "<group>";
		};
		7FD82B4021A2A10F001A3B48 /* Model */ = {
			isa = PBXGroup;
			children = (
			);
			path = Model;
			sourceTree = "<group>";
		};
		7FD82B4121A2A10F001A3B48 /* View */ = {
			isa = PBXGroup;
			children = (
			);
			path = View;
			sourceTree = "<group>";
		};
		7FD82B4221A2A12C001A3B48 /* Mine */ = {
			isa = PBXGroup;
			children = (
				7FD82B4321A2A12C001A3B48 /* ViewModel */,
				7FD82B4421A2A12C001A3B48 /* Controller */,
				7FD82B4521A2A12C001A3B48 /* Model */,
				7FD82B4621A2A12C001A3B48 /* View */,
			);
			path = Mine;
			sourceTree = "<group>";
		};
		7FD82B4321A2A12C001A3B48 /* ViewModel */ = {
			isa = PBXGroup;
			children = (
			);
			path = ViewModel;
			sourceTree = "<group>";
		};
		7FD82B4421A2A12C001A3B48 /* Controller */ = {
			isa = PBXGroup;
			children = (
				7FD82B5021A2A8E2001A3B48 /* MineViewController.h */,
				7FD82B5121A2A8E2001A3B48 /* MineViewController.m */,
			);
			path = Controller;
			sourceTree = "<group>";
		};
		7FD82B4521A2A12C001A3B48 /* Model */ = {
			isa = PBXGroup;
			children = (
			);
			path = Model;
			sourceTree = "<group>";
		};
		7FD82B4621A2A12C001A3B48 /* View */ = {
			isa = PBXGroup;
			children = (
			);
			path = View;
			sourceTree = "<group>";
		};
		7FD82B5321A41275001A3B48 /* Login */ = {
			isa = PBXGroup;
			children = (
				7FD82B5421A41275001A3B48 /* ViewModel */,
				7FD82B5521A41275001A3B48 /* Controller */,
				7FD82B5621A41275001A3B48 /* Model */,
				7FD82B5721A41275001A3B48 /* View */,
			);
			path = Login;
			sourceTree = "<group>";
		};
		7FD82B5421A41275001A3B48 /* ViewModel */ = {
			isa = PBXGroup;
			children = (
			);
			path = ViewModel;
			sourceTree = "<group>";
		};
		7FD82B5521A41275001A3B48 /* Controller */ = {
			isa = PBXGroup;
			children = (
				7FD82B5821A4128E001A3B48 /* LoginViewController.h */,
				7FD82B5921A4128E001A3B48 /* LoginViewController.m */,
			);
			path = Controller;
			sourceTree = "<group>";
		};
		7FD82B5621A41275001A3B48 /* Model */ = {
			isa = PBXGroup;
			children = (
			);
			path = Model;
			sourceTree = "<group>";
		};
		7FD82B5721A41275001A3B48 /* View */ = {
			isa = PBXGroup;
			children = (
			);
			path = View;
			sourceTree = "<group>";
		};
		812F5E135B9238BE4719050C /* Pods */ = {
			isa = PBXGroup;
			children = (
				31D7FCF3ED073D4A78FA4538 /* Pods-jhzxProject.debug.xcconfig */,
				4FCF8E8401B64BC1A1797069 /* Pods-jhzxProject.release.xcconfig */,
			);
			name = Pods;
			sourceTree = "<group>";
		};
/* End PBXGroup section */

/* Begin PBXNativeTarget section */
		7FCB9BC021995BD9000C4C34 /* jhzxProject */ = {
			isa = PBXNativeTarget;
			buildConfigurationList = 7FCB9BED21995BDE000C4C34 /* Build configuration list for PBXNativeTarget "jhzxProject" */;
			buildPhases = (
				754CD0AA2F68402C076CCE84 /* [CP] Check Pods Manifest.lock */,
				7FCB9BBD21995BD9000C4C34 /* Sources */,
				7FCB9BBE21995BD9000C4C34 /* Frameworks */,
				7FCB9BBF21995BD9000C4C34 /* Resources */,
				2F39B4095105240D7DCBB6CD /* [CP] Copy Pods Resources */,
			);
			buildRules = (
			);
			dependencies = (
			);
			name = jhzxProject;
			productName = jhzxProject;
			productReference = 7FCB9BC121995BD9000C4C34 /* jhzxProject.app */;
			productType = "com.apple.product-type.application";
		};
		7FCB9BD821995BDE000C4C34 /* jhzxProjectTests */ = {
			isa = PBXNativeTarget;
			buildConfigurationList = 7FCB9BF021995BDE000C4C34 /* Build configuration list for PBXNativeTarget "jhzxProjectTests" */;
			buildPhases = (
				7FCB9BD521995BDE000C4C34 /* Sources */,
				7FCB9BD621995BDE000C4C34 /* Frameworks */,
				7FCB9BD721995BDE000C4C34 /* Resources */,
			);
			buildRules = (
			);
			dependencies = (
				7FCB9BDB21995BDE000C4C34 /* PBXTargetDependency */,
			);
			name = jhzxProjectTests;
			productName = jhzxProjectTests;
			productReference = 7FCB9BD921995BDE000C4C34 /* jhzxProjectTests.xctest */;
			productType = "com.apple.product-type.bundle.unit-test";
		};
		7FCB9BE321995BDE000C4C34 /* jhzxProjectUITests */ = {
			isa = PBXNativeTarget;
			buildConfigurationList = 7FCB9BF321995BDE000C4C34 /* Build configuration list for PBXNativeTarget "jhzxProjectUITests" */;
			buildPhases = (
				7FCB9BE021995BDE000C4C34 /* Sources */,
				7FCB9BE121995BDE000C4C34 /* Frameworks */,
				7FCB9BE221995BDE000C4C34 /* Resources */,
			);
			buildRules = (
			);
			dependencies = (
				7FCB9BE621995BDE000C4C34 /* PBXTargetDependency */,
			);
			name = jhzxProjectUITests;
			productName = jhzxProjectUITests;
			productReference = 7FCB9BE421995BDE000C4C34 /* jhzxProjectUITests.xctest */;
			productType = "com.apple.product-type.bundle.ui-testing";
		};
/* End PBXNativeTarget section */

/* Begin PBXProject section */
		7FCB9BB921995BD9000C4C34 /* Project object */ = {
			isa = PBXProject;
			attributes = {
				LastUpgradeCheck = 1000;
				ORGANIZATIONNAME = "Smith Tylor";
				TargetAttributes = {
					7FCB9BC021995BD9000C4C34 = {
						CreatedOnToolsVersion = 10.0;
					};
					7FCB9BD821995BDE000C4C34 = {
						CreatedOnToolsVersion = 10.0;
						TestTargetID = 7FCB9BC021995BD9000C4C34;
					};
					7FCB9BE321995BDE000C4C34 = {
						CreatedOnToolsVersion = 10.0;
						TestTargetID = 7FCB9BC021995BD9000C4C34;
					};
				};
			};
			buildConfigurationList = 7FCB9BBC21995BD9000C4C34 /* Build configuration list for PBXProject "jhzxProject" */;
			compatibilityVersion = "Xcode 9.3";
			developmentRegion = en;
			hasScannedForEncodings = 0;
			knownRegions = (
				en,
				Base,
			);
			mainGroup = 7FCB9BB821995BD9000C4C34;
			productRefGroup = 7FCB9BC221995BD9000C4C34 /* Products */;
			projectDirPath = "";
			projectRoot = "";
			targets = (
				7FCB9BC021995BD9000C4C34 /* jhzxProject */,
				7FCB9BD821995BDE000C4C34 /* jhzxProjectTests */,
				7FCB9BE321995BDE000C4C34 /* jhzxProjectUITests */,
			);
		};
/* End PBXProject section */

/* Begin PBXResourcesBuildPhase section */
		7FCB9BBF21995BD9000C4C34 /* Resources */ = {
			isa = PBXResourcesBuildPhase;
			buildActionMask = 2147483647;
			files = (
				7FCB9C83219962CD000C4C34 /* JSToOC.html in Resources */,
				7FCB9CC62199704D000C4C34 /* UMSocialSDKPromptResources.bundle in Resources */,
				7FCB9BD121995BDD000C4C34 /* LaunchScreen.storyboard in Resources */,
				7FCB9BCE21995BDD000C4C34 /* Assets.xcassets in Resources */,
				7FCB9CC32199704D000C4C34 /* UMSocialSDKResources.bundle in Resources */,
			);
			runOnlyForDeploymentPostprocessing = 0;
		};
		7FCB9BD721995BDE000C4C34 /* Resources */ = {
			isa = PBXResourcesBuildPhase;
			buildActionMask = 2147483647;
			files = (
			);
			runOnlyForDeploymentPostprocessing = 0;
		};
		7FCB9BE221995BDE000C4C34 /* Resources */ = {
			isa = PBXResourcesBuildPhase;
			buildActionMask = 2147483647;
			files = (
			);
			runOnlyForDeploymentPostprocessing = 0;
		};
/* End PBXResourcesBuildPhase section */

/* Begin PBXShellScriptBuildPhase section */
		2F39B4095105240D7DCBB6CD /* [CP] Copy Pods Resources */ = {
			isa = PBXShellScriptBuildPhase;
			buildActionMask = 2147483647;
			files = (
			);
			inputPaths = (
				"${SRCROOT}/Pods/Target Support Files/Pods-jhzxProject/Pods-jhzxProject-resources.sh",
				"${PODS_ROOT}/MJRefresh/MJRefresh/MJRefresh.bundle",
			);
			name = "[CP] Copy Pods Resources";
			outputPaths = (
				"${TARGET_BUILD_DIR}/${UNLOCALIZED_RESOURCES_FOLDER_PATH}/MJRefresh.bundle",
			);
			runOnlyForDeploymentPostprocessing = 0;
			shellPath = /bin/sh;
			shellScript = "\"${SRCROOT}/Pods/Target Support Files/Pods-jhzxProject/Pods-jhzxProject-resources.sh\"\n";
			showEnvVarsInLog = 0;
		};
		754CD0AA2F68402C076CCE84 /* [CP] Check Pods Manifest.lock */ = {
			isa = PBXShellScriptBuildPhase;
			buildActionMask = 2147483647;
			files = (
			);
			inputPaths = (
				"${PODS_PODFILE_DIR_PATH}/Podfile.lock",
				"${PODS_ROOT}/Manifest.lock",
			);
			name = "[CP] Check Pods Manifest.lock";
			outputPaths = (
				"$(DERIVED_FILE_DIR)/Pods-jhzxProject-checkManifestLockResult.txt",
			);
			runOnlyForDeploymentPostprocessing = 0;
			shellPath = /bin/sh;
			shellScript = "diff \"${PODS_PODFILE_DIR_PATH}/Podfile.lock\" \"${PODS_ROOT}/Manifest.lock\" > /dev/null\nif [ $? != 0 ] ; then\n    # print error to STDERR\n    echo \"error: The sandbox is not in sync with the Podfile.lock. Run 'pod install' or update your CocoaPods installation.\" >&2\n    exit 1\nfi\n# This output is used by Xcode 'outputs' to avoid re-running this script phase.\necho \"SUCCESS\" > \"${SCRIPT_OUTPUT_FILE_0}\"\n";
			showEnvVarsInLog = 0;
		};
/* End PBXShellScriptBuildPhase section */

/* Begin PBXSourcesBuildPhase section */
		7FCB9BBD21995BD9000C4C34 /* Sources */ = {
			isa = PBXSourcesBuildPhase;
			buildActionMask = 2147483647;
			files = (
				7FCB9C4E219962B9000C4C34 /* UICollectionView+IndexPath.m in Sources */,
				7FCB9C0D219962A9000C4C34 /* UserManager.m in Sources */,
				7FCB9C0A219962A9000C4C34 /* IMManager.m in Sources */,
				7FCB9C8B219962CD000C4C34 /* UITabBar+CustomBadge.m in Sources */,
				7FCB9C87219962CD000C4C34 /* BaseRequestAPI.m in Sources */,
				7FCB9C5C219962B9000C4C34 /* UIView+SDExtension.m in Sources */,
				7FCB9C54219962B9000C4C34 /* AdPageView.m in Sources */,
				7FCB9C09219962A9000C4C34 /* IAPManager.m in Sources */,
				7FCB9C8A219962CD000C4C34 /* RootViewController.m in Sources */,
				7FCB9C55219962B9000C4C34 /* PPNetworkHelper.m in Sources */,
				7FCB9C57219962B9000C4C34 /* PPNetworkCache.m in Sources */,
				7FD82B5A21A4128E001A3B48 /* LoginViewController.m in Sources */,
				7FCB9C84219962CD000C4C34 /* XLWebViewController.m in Sources */,
				7FCB9C0C219962A9000C4C34 /* GameInfo.m in Sources */,
				7FD82B4C21A2A8C8001A3B48 /* ReportStageViewController.m in Sources */,
				7FCB9C59219962B9000C4C34 /* SandBoxHelper.m in Sources */,
				7FCB9C0F219962A9000C4C34 /* ShareManager.m in Sources */,
				7FCB9C86219962CD000C4C34 /* RootNavigationController.m in Sources */,
				7FCB9C52219962B9000C4C34 /* TagsButton.m in Sources */,
				7FCB9C9921996C92000C4C34 /* AppDelegate+AppService.m in Sources */,
				7FCB9C58219962B9000C4C34 /* YYFPSLabel.m in Sources */,
				7FCB9BD421995BDD000C4C34 /* main.m in Sources */,
				7FCB9C56219962B9000C4C34 /* HeaderModel.m in Sources */,
				7FCB9C50219962B9000C4C34 /* UIButton+XYButton.m in Sources */,
				7FCB9C88219962CD000C4C34 /* BaseTableViewCell.m in Sources */,
				7FD82B4921A2A8B3001A3B48 /* HomeViewController.m in Sources */,
				7FCB9C5F219962B9000C4C34 /* TAPageControl.m in Sources */,
				7FCB9C89219962CD000C4C34 /* HSBaseCellModel.m in Sources */,
				7FCB9C63219962B9000C4C34 /* AESCipher.m in Sources */,
				7FCB9C85219962CD000C4C34 /* RootWebViewController.m in Sources */,
				7FCB9C60219962B9000C4C34 /* TAAnimatedDotView.m in Sources */,
				7FCB9C5A219962B9000C4C34 /* MBProgressHUD+XY.m in Sources */,
				7FCB9C9A21996C92000C4C34 /* AppDelegate+PushService.m in Sources */,
				7FCB9C5B219962B9000C4C34 /* SDCycleScrollView.m in Sources */,
				7FCB9C5E219962B9000C4C34 /* TADotView.m in Sources */,
				7FCB9C0B219962A9000C4C34 /* AppManager.m in Sources */,
				7FCB9C61219962B9000C4C34 /* TAAbstractDotView.m in Sources */,
				7FCB9C4F219962B9000C4C34 /* UIViewController+AlertViewAndActionSheet.m in Sources */,
				7FCB9C62219962B9000C4C34 /* XYTransition.m in Sources */,
				7FCB9C5D219962B9000C4C34 /* SDCollectionViewCell.m in Sources */,
				7FD82B5221A2A8E2001A3B48 /* MineViewController.m in Sources */,
				7FCB9C8C219962CD000C4C34 /* MainTabBarController.m in Sources */,
				7FCB9C82219962CD000C4C34 /* XLJSHandler.m in Sources */,
				7FCB9C4D219962B9000C4C34 /* OpenUDID.m in Sources */,
				7FCB9C51219962B9000C4C34 /* FFTagsView.m in Sources */,
				7FCB9C0E219962A9000C4C34 /* UserInfo.m in Sources */,
				7FD82B4F21A2A8D5001A3B48 /* PublishViewController.m in Sources */,
				7FCB9BC621995BD9000C4C34 /* AppDelegate.m in Sources */,
				7FCB9C8D219962CD000C4C34 /* XYTabBar.m in Sources */,
			);
			runOnlyForDeploymentPostprocessing = 0;
		};
		7FCB9BD521995BDE000C4C34 /* Sources */ = {
			isa = PBXSourcesBuildPhase;
			buildActionMask = 2147483647;
			files = (
				7FCB9BDE21995BDE000C4C34 /* jhzxProjectTests.m in Sources */,
			);
			runOnlyForDeploymentPostprocessing = 0;
		};
		7FCB9BE021995BDE000C4C34 /* Sources */ = {
			isa = PBXSourcesBuildPhase;
			buildActionMask = 2147483647;
			files = (
				7FCB9BE921995BDE000C4C34 /* jhzxProjectUITests.m in Sources */,
			);
			runOnlyForDeploymentPostprocessing = 0;
		};
/* End PBXSourcesBuildPhase section */

/* Begin PBXTargetDependency section */
		7FCB9BDB21995BDE000C4C34 /* PBXTargetDependency */ = {
			isa = PBXTargetDependency;
			target = 7FCB9BC021995BD9000C4C34 /* jhzxProject */;
			targetProxy = 7FCB9BDA21995BDE000C4C34 /* PBXContainerItemProxy */;
		};
		7FCB9BE621995BDE000C4C34 /* PBXTargetDependency */ = {
			isa = PBXTargetDependency;
			target = 7FCB9BC021995BD9000C4C34 /* jhzxProject */;
			targetProxy = 7FCB9BE521995BDE000C4C34 /* PBXContainerItemProxy */;
		};
/* End PBXTargetDependency section */

/* Begin PBXVariantGroup section */
		7FCB9BCF21995BDD000C4C34 /* LaunchScreen.storyboard */ = {
			isa = PBXVariantGroup;
			children = (
				7FCB9BD021995BDD000C4C34 /* Base */,
			);
			name = LaunchScreen.storyboard;
			sourceTree = "<group>";
		};
/* End PBXVariantGroup section */

/* Begin XCBuildConfiguration section */
		7FCB9BEB21995BDE000C4C34 /* Debug */ = {
			isa = XCBuildConfiguration;
			buildSettings = {
				ALWAYS_SEARCH_USER_PATHS = NO;
				CLANG_ANALYZER_NONNULL = YES;
				CLANG_ANALYZER_NUMBER_OBJECT_CONVERSION = YES_AGGRESSIVE;
				CLANG_CXX_LANGUAGE_STANDARD = "gnu++14";
				CLANG_CXX_LIBRARY = "libc++";
				CLANG_ENABLE_MODULES = YES;
				CLANG_ENABLE_OBJC_ARC = YES;
				CLANG_ENABLE_OBJC_WEAK = YES;
				CLANG_WARN_BLOCK_CAPTURE_AUTORELEASING = YES;
				CLANG_WARN_BOOL_CONVERSION = YES;
				CLANG_WARN_COMMA = YES;
				CLANG_WARN_CONSTANT_CONVERSION = YES;
				CLANG_WARN_DEPRECATED_OBJC_IMPLEMENTATIONS = YES;
				CLANG_WARN_DIRECT_OBJC_ISA_USAGE = YES_ERROR;
				CLANG_WARN_DOCUMENTATION_COMMENTS = YES;
				CLANG_WARN_EMPTY_BODY = YES;
				CLANG_WARN_ENUM_CONVERSION = YES;
				CLANG_WARN_INFINITE_RECURSION = YES;
				CLANG_WARN_INT_CONVERSION = YES;
				CLANG_WARN_NON_LITERAL_NULL_CONVERSION = YES;
				CLANG_WARN_OBJC_IMPLICIT_RETAIN_SELF = YES;
				CLANG_WARN_OBJC_LITERAL_CONVERSION = YES;
				CLANG_WARN_OBJC_ROOT_CLASS = YES_ERROR;
				CLANG_WARN_RANGE_LOOP_ANALYSIS = YES;
				CLANG_WARN_STRICT_PROTOTYPES = YES;
				CLANG_WARN_SUSPICIOUS_MOVE = YES;
				CLANG_WARN_UNGUARDED_AVAILABILITY = YES_AGGRESSIVE;
				CLANG_WARN_UNREACHABLE_CODE = YES;
				CLANG_WARN__DUPLICATE_METHOD_MATCH = YES;
				CODE_SIGN_IDENTITY = "iPhone Developer";
				COPY_PHASE_STRIP = NO;
				DEBUG_INFORMATION_FORMAT = dwarf;
				ENABLE_STRICT_OBJC_MSGSEND = YES;
				ENABLE_TESTABILITY = YES;
				GCC_C_LANGUAGE_STANDARD = gnu11;
				GCC_DYNAMIC_NO_PIC = NO;
				GCC_NO_COMMON_BLOCKS = YES;
				GCC_OPTIMIZATION_LEVEL = 0;
				GCC_PREPROCESSOR_DEFINITIONS = (
					"DEBUG=1",
					"$(inherited)",
				);
				GCC_WARN_64_TO_32_BIT_CONVERSION = YES;
				GCC_WARN_ABOUT_RETURN_TYPE = YES_ERROR;
				GCC_WARN_UNDECLARED_SELECTOR = YES;
				GCC_WARN_UNINITIALIZED_AUTOS = YES_AGGRESSIVE;
				GCC_WARN_UNUSED_FUNCTION = YES;
				GCC_WARN_UNUSED_VARIABLE = YES;
				IPHONEOS_DEPLOYMENT_TARGET = 12.0;
				MTL_ENABLE_DEBUG_INFO = INCLUDE_SOURCE;
				MTL_FAST_MATH = YES;
				ONLY_ACTIVE_ARCH = YES;
				SDKROOT = iphoneos;
			};
			name = Debug;
		};
		7FCB9BEC21995BDE000C4C34 /* Release */ = {
			isa = XCBuildConfiguration;
			buildSettings = {
				ALWAYS_SEARCH_USER_PATHS = NO;
				CLANG_ANALYZER_NONNULL = YES;
				CLANG_ANALYZER_NUMBER_OBJECT_CONVERSION = YES_AGGRESSIVE;
				CLANG_CXX_LANGUAGE_STANDARD = "gnu++14";
				CLANG_CXX_LIBRARY = "libc++";
				CLANG_ENABLE_MODULES = YES;
				CLANG_ENABLE_OBJC_ARC = YES;
				CLANG_ENABLE_OBJC_WEAK = YES;
				CLANG_WARN_BLOCK_CAPTURE_AUTORELEASING = YES;
				CLANG_WARN_BOOL_CONVERSION = YES;
				CLANG_WARN_COMMA = YES;
				CLANG_WARN_CONSTANT_CONVERSION = YES;
				CLANG_WARN_DEPRECATED_OBJC_IMPLEMENTATIONS = YES;
				CLANG_WARN_DIRECT_OBJC_ISA_USAGE = YES_ERROR;
				CLANG_WARN_DOCUMENTATION_COMMENTS = YES;
				CLANG_WARN_EMPTY_BODY = YES;
				CLANG_WARN_ENUM_CONVERSION = YES;
				CLANG_WARN_INFINITE_RECURSION = YES;
				CLANG_WARN_INT_CONVERSION = YES;
				CLANG_WARN_NON_LITERAL_NULL_CONVERSION = YES;
				CLANG_WARN_OBJC_IMPLICIT_RETAIN_SELF = YES;
				CLANG_WARN_OBJC_LITERAL_CONVERSION = YES;
				CLANG_WARN_OBJC_ROOT_CLASS = YES_ERROR;
				CLANG_WARN_RANGE_LOOP_ANALYSIS = YES;
				CLANG_WARN_STRICT_PROTOTYPES = YES;
				CLANG_WARN_SUSPICIOUS_MOVE = YES;
				CLANG_WARN_UNGUARDED_AVAILABILITY = YES_AGGRESSIVE;
				CLANG_WARN_UNREACHABLE_CODE = YES;
				CLANG_WARN__DUPLICATE_METHOD_MATCH = YES;
				CODE_SIGN_IDENTITY = "iPhone Developer";
				COPY_PHASE_STRIP = NO;
				DEBUG_INFORMATION_FORMAT = "dwarf-with-dsym";
				ENABLE_NS_ASSERTIONS = NO;
				ENABLE_STRICT_OBJC_MSGSEND = YES;
				GCC_C_LANGUAGE_STANDARD = gnu11;
				GCC_NO_COMMON_BLOCKS = YES;
				GCC_WARN_64_TO_32_BIT_CONVERSION = YES;
				GCC_WARN_ABOUT_RETURN_TYPE = YES_ERROR;
				GCC_WARN_UNDECLARED_SELECTOR = YES;
				GCC_WARN_UNINITIALIZED_AUTOS = YES_AGGRESSIVE;
				GCC_WARN_UNUSED_FUNCTION = YES;
				GCC_WARN_UNUSED_VARIABLE = YES;
				IPHONEOS_DEPLOYMENT_TARGET = 12.0;
				MTL_ENABLE_DEBUG_INFO = NO;
				MTL_FAST_MATH = YES;
				SDKROOT = iphoneos;
				VALIDATE_PRODUCT = YES;
			};
			name = Release;
		};
		7FCB9BEE21995BDE000C4C34 /* Debug */ = {
			isa = XCBuildConfiguration;
			baseConfigurationReference = 31D7FCF3ED073D4A78FA4538 /* Pods-jhzxProject.debug.xcconfig */;
			buildSettings = {
				CODE_SIGN_STYLE = Automatic;
				DEVELOPMENT_TEAM = XK676XC3F2;
				FRAMEWORK_SEARCH_PATHS = (
					"$(inherited)",
					"$(PROJECT_DIR)/jhzxProject/ThridParty/UMSocial/UMSocialUI",
					"$(PROJECT_DIR)/jhzxProject/ThridParty/UMSocial/UMSocialSDK",
				);
				GCC_PREFIX_HEADER = "$(SRCROOT)/jhzxProject/Supporting Files/PrefixHeader.pch";
				INFOPLIST_FILE = "jhzxProject/Supporting Files/Info.plist";
				IPHONEOS_DEPLOYMENT_TARGET = 9.0;
				LD_RUNPATH_SEARCH_PATHS = (
					"$(inherited)",
					"@executable_path/Frameworks",
				);
				LIBRARY_SEARCH_PATHS = (
					"$(inherited)",
					"$(PROJECT_DIR)/jhzxProject/ThridParty/UMSocial/SocialLibraries/WeChat",
					"$(PROJECT_DIR)/jhzxProject/ThridParty/UMSocial/SocialLibraries/QQ",
					"$(PROJECT_DIR)/jhzxProject/ThridParty/UMSocial/UMSocialSDKPlugin",
				);
				PRODUCT_BUNDLE_IDENTIFIER = jhzx.jhzxProject;
				PRODUCT_NAME = "$(TARGET_NAME)";
				TARGETED_DEVICE_FAMILY = 1;
				USER_HEADER_SEARCH_PATHS = "";
			};
			name = Debug;
		};
		7FCB9BEF21995BDE000C4C34 /* Release */ = {
			isa = XCBuildConfiguration;
			baseConfigurationReference = 4FCF8E8401B64BC1A1797069 /* Pods-jhzxProject.release.xcconfig */;
			buildSettings = {
				CODE_SIGN_STYLE = Automatic;
				DEVELOPMENT_TEAM = XK676XC3F2;
				FRAMEWORK_SEARCH_PATHS = (
					"$(inherited)",
					"$(PROJECT_DIR)/jhzxProject/ThridParty/UMSocial/UMSocialUI",
					"$(PROJECT_DIR)/jhzxProject/ThridParty/UMSocial/UMSocialSDK",
				);
				GCC_PREFIX_HEADER = "$(SRCROOT)/jhzxProject/Supporting Files/PrefixHeader.pch";
				INFOPLIST_FILE = "jhzxProject/Supporting Files/Info.plist";
				IPHONEOS_DEPLOYMENT_TARGET = 9.0;
				LD_RUNPATH_SEARCH_PATHS = (
					"$(inherited)",
					"@executable_path/Frameworks",
				);
				LIBRARY_SEARCH_PATHS = (
					"$(inherited)",
					"$(PROJECT_DIR)/jhzxProject/ThridParty/UMSocial/SocialLibraries/WeChat",
					"$(PROJECT_DIR)/jhzxProject/ThridParty/UMSocial/SocialLibraries/QQ",
					"$(PROJECT_DIR)/jhzxProject/ThridParty/UMSocial/UMSocialSDKPlugin",
				);
				PRODUCT_BUNDLE_IDENTIFIER = jhzx.jhzxProject;
				PRODUCT_NAME = "$(TARGET_NAME)";
				TARGETED_DEVICE_FAMILY = 1;
				USER_HEADER_SEARCH_PATHS = "";
			};
			name = Release;
		};
		7FCB9BF121995BDE000C4C34 /* Debug */ = {
			isa = XCBuildConfiguration;
			buildSettings = {
				BUNDLE_LOADER = "$(TEST_HOST)";
				CODE_SIGN_STYLE = Automatic;
				INFOPLIST_FILE = jhzxProjectTests/Info.plist;
				LD_RUNPATH_SEARCH_PATHS = (
					"$(inherited)",
					"@executable_path/Frameworks",
					"@loader_path/Frameworks",
				);
				PRODUCT_BUNDLE_IDENTIFIER = jhzx.jhzxProjectTests;
				PRODUCT_NAME = "$(TARGET_NAME)";
				TARGETED_DEVICE_FAMILY = "1,2";
				TEST_HOST = "$(BUILT_PRODUCTS_DIR)/jhzxProject.app/jhzxProject";
			};
			name = Debug;
		};
		7FCB9BF221995BDE000C4C34 /* Release */ = {
			isa = XCBuildConfiguration;
			buildSettings = {
				BUNDLE_LOADER = "$(TEST_HOST)";
				CODE_SIGN_STYLE = Automatic;
				INFOPLIST_FILE = jhzxProjectTests/Info.plist;
				LD_RUNPATH_SEARCH_PATHS = (
					"$(inherited)",
					"@executable_path/Frameworks",
					"@loader_path/Frameworks",
				);
				PRODUCT_BUNDLE_IDENTIFIER = jhzx.jhzxProjectTests;
				PRODUCT_NAME = "$(TARGET_NAME)";
				TARGETED_DEVICE_FAMILY = "1,2";
				TEST_HOST = "$(BUILT_PRODUCTS_DIR)/jhzxProject.app/jhzxProject";
			};
			name = Release;
		};
		7FCB9BF421995BDE000C4C34 /* Debug */ = {
			isa = XCBuildConfiguration;
			buildSettings = {
				CODE_SIGN_STYLE = Automatic;
				INFOPLIST_FILE = jhzxProjectUITests/Info.plist;
				LD_RUNPATH_SEARCH_PATHS = (
					"$(inherited)",
					"@executable_path/Frameworks",
					"@loader_path/Frameworks",
				);
				PRODUCT_BUNDLE_IDENTIFIER = jhzx.jhzxProjectUITests;
				PRODUCT_NAME = "$(TARGET_NAME)";
				TARGETED_DEVICE_FAMILY = "1,2";
				TEST_TARGET_NAME = jhzxProject;
			};
			name = Debug;
		};
		7FCB9BF521995BDE000C4C34 /* Release */ = {
			isa = XCBuildConfiguration;
			buildSettings = {
				CODE_SIGN_STYLE = Automatic;
				INFOPLIST_FILE = jhzxProjectUITests/Info.plist;
				LD_RUNPATH_SEARCH_PATHS = (
					"$(inherited)",
					"@executable_path/Frameworks",
					"@loader_path/Frameworks",
				);
				PRODUCT_BUNDLE_IDENTIFIER = jhzx.jhzxProjectUITests;
				PRODUCT_NAME = "$(TARGET_NAME)";
				TARGETED_DEVICE_FAMILY = "1,2";
				TEST_TARGET_NAME = jhzxProject;
			};
			name = Release;
		};
/* End XCBuildConfiguration section */

/* Begin XCConfigurationList section */
		7FCB9BBC21995BD9000C4C34 /* Build configuration list for PBXProject "jhzxProject" */ = {
			isa = XCConfigurationList;
			buildConfigurations = (
				7FCB9BEB21995BDE000C4C34 /* Debug */,
				7FCB9BEC21995BDE000C4C34 /* Release */,
			);
			defaultConfigurationIsVisible = 0;
			defaultConfigurationName = Release;
		};
		7FCB9BED21995BDE000C4C34 /* Build configuration list for PBXNativeTarget "jhzxProject" */ = {
			isa = XCConfigurationList;
			buildConfigurations = (
				7FCB9BEE21995BDE000C4C34 /* Debug */,
				7FCB9BEF21995BDE000C4C34 /* Release */,
			);
			defaultConfigurationIsVisible = 0;
			defaultConfigurationName = Release;
		};
		7FCB9BF021995BDE000C4C34 /* Build configuration list for PBXNativeTarget "jhzxProjectTests" */ = {
			isa = XCConfigurationList;
			buildConfigurations = (
				7FCB9BF121995BDE000C4C34 /* Debug */,
				7FCB9BF221995BDE000C4C34 /* Release */,
			);
			defaultConfigurationIsVisible = 0;
			defaultConfigurationName = Release;
		};
		7FCB9BF321995BDE000C4C34 /* Build configuration list for PBXNativeTarget "jhzxProjectUITests" */ = {
			isa = XCConfigurationList;
			buildConfigurations = (
				7FCB9BF421995BDE000C4C34 /* Debug */,
				7FCB9BF521995BDE000C4C34 /* Release */,
			);
			defaultConfigurationIsVisible = 0;
			defaultConfigurationName = Release;
		};
/* End XCConfigurationList section */
	};
	rootObject = 7FCB9BB921995BD9000C4C34 /* Project object */;
}
