// !$*UTF8*$!
{
	archiveVersion = 1;
	classes = {
	};
	objectVersion = 50;
	objects = {

/* Begin PBXBuildFile section */
		7FCB9BC621995BD9000C4C34 /* AppDelegate.m in Sources */ = {isa = PBXBuildFile; fileRef = 7FCB9BC521995BD9000C4C34 /* AppDelegate.m */; };
		7FCB9BC921995BD9000C4C34 /* ViewController.m in Sources */ = {isa = PBXBuildFile; fileRef = 7FCB9BC821995BD9000C4C34 /* ViewController.m */; };
		7FCB9BCC21995BD9000C4C34 /* Main.storyboard in Resources */ = {isa = PBXBuildFile; fileRef = 7FCB9BCA21995BD9000C4C34 /* Main.storyboard */; };
		7FCB9BCE21995BDD000C4C34 /* Assets.xcassets in Resources */ = {isa = PBXBuildFile; fileRef = 7FCB9BCD21995BDD000C4C34 /* Assets.xcassets */; };
		7FCB9BD121995BDD000C4C34 /* LaunchScreen.storyboard in Resources */ = {isa = PBXBuildFile; fileRef = 7FCB9BCF21995BDD000C4C34 /* LaunchScreen.storyboard */; };
		7FCB9BD421995BDD000C4C34 /* main.m in Sources */ = {isa = PBXBuildFile; fileRef = 7FCB9BD321995BDD000C4C34 /* main.m */; };
		7FCB9BDE21995BDE000C4C34 /* jhzxProjectTests.m in Sources */ = {isa = PBXBuildFile; fileRef = 7FCB9BDD21995BDE000C4C34 /* jhzxProjectTests.m */; };
		7FCB9BE921995BDE000C4C34 /* jhzxProjectUITests.m in Sources */ = {isa = PBXBuildFile; fileRef = 7FCB9BE821995BDE000C4C34 /* jhzxProjectUITests.m */; };
/* End PBXBuildFile section */

/* Begin PBXContainerItemProxy section */
		7FCB9BDA21995BDE000C4C34 /* PBXContainerItemProxy */ = {
			isa = PBXContainerItemProxy;
			containerPortal = 7FCB9BB921995BD9000C4C34 /* Project object */;
			proxyType = 1;
			remoteGlobalIDString = 7FCB9BC021995BD9000C4C34;
			remoteInfo = jhzxProject;
		};
		7FCB9BE521995BDE000C4C34 /* PBXContainerItemProxy */ = {
			isa = PBXContainerItemProxy;
			containerPortal = 7FCB9BB921995BD9000C4C34 /* Project object */;
			proxyType = 1;
			remoteGlobalIDString = 7FCB9BC021995BD9000C4C34;
			remoteInfo = jhzxProject;
		};
/* End PBXContainerItemProxy section */

/* Begin PBXFileReference section */
		7FCB9BC121995BD9000C4C34 /* jhzxProject.app */ = {isa = PBXFileReference; explicitFileType = wrapper.application; includeInIndex = 0; path = jhzxProject.app; sourceTree = BUILT_PRODUCTS_DIR; };
		7FCB9BC421995BD9000C4C34 /* AppDelegate.h */ = {isa = PBXFileReference; lastKnownFileType = sourcecode.c.h; path = AppDelegate.h; sourceTree = "<group>"; };
		7FCB9BC521995BD9000C4C34 /* AppDelegate.m */ = {isa = PBXFileReference; lastKnownFileType = sourcecode.c.objc; path = AppDelegate.m; sourceTree = "<group>"; };
		7FCB9BC721995BD9000C4C34 /* ViewController.h */ = {isa = PBXFileReference; lastKnownFileType = sourcecode.c.h; path = ViewController.h; sourceTree = "<group>"; };
		7FCB9BC821995BD9000C4C34 /* ViewController.m */ = {isa = PBXFileReference; lastKnownFileType = sourcecode.c.objc; path = ViewController.m; sourceTree = "<group>"; };
		7FCB9BCB21995BD9000C4C34 /* Base */ = {isa = PBXFileReference; lastKnownFileType = file.storyboard; name = Base; path = Base.lproj/Main.storyboard; sourceTree = "<group>"; };
		7FCB9BCD21995BDD000C4C34 /* Assets.xcassets */ = {isa = PBXFileReference; lastKnownFileType = folder.assetcatalog; path = Assets.xcassets; sourceTree = "<group>"; };
		7FCB9BD021995BDD000C4C34 /* Base */ = {isa = PBXFileReference; lastKnownFileType = file.storyboard; name = Base; path = Base.lproj/LaunchScreen.storyboard; sourceTree = "<group>"; };
		7FCB9BD221995BDD000C4C34 /* Info.plist */ = {isa = PBXFileReference; lastKnownFileType = text.plist.xml; path = Info.plist; sourceTree = "<group>"; };
		7FCB9BD321995BDD000C4C34 /* main.m */ = {isa = PBXFileReference; lastKnownFileType = sourcecode.c.objc; path = main.m; sourceTree = "<group>"; };
		7FCB9BD921995BDE000C4C34 /* jhzxProjectTests.xctest */ = {isa = PBXFileReference; explicitFileType = wrapper.cfbundle; includeInIndex = 0; path = jhzxProjectTests.xctest; sourceTree = BUILT_PRODUCTS_DIR; };
		7FCB9BDD21995BDE000C4C34 /* jhzxProjectTests.m */ = {isa = PBXFileReference; lastKnownFileType = sourcecode.c.objc; path = jhzxProjectTests.m; sourceTree = "<group>"; };
		7FCB9BDF21995BDE000C4C34 /* Info.plist */ = {isa = PBXFileReference; lastKnownFileType = text.plist.xml; path = Info.plist; sourceTree = "<group>"; };
		7FCB9BE421995BDE000C4C34 /* jhzxProjectUITests.xctest */ = {isa = PBXFileReference; explicitFileType = wrapper.cfbundle; includeInIndex = 0; path = jhzxProjectUITests.xctest; sourceTree = BUILT_PRODUCTS_DIR; };
		7FCB9BE821995BDE000C4C34 /* jhzxProjectUITests.m */ = {isa = PBXFileReference; lastKnownFileType = sourcecode.c.objc; path = jhzxProjectUITests.m; sourceTree = "<group>"; };
		7FCB9BEA21995BDE000C4C34 /* Info.plist */ = {isa = PBXFileReference; lastKnownFileType = text.plist.xml; path = Info.plist; sourceTree = "<group>"; };
/* End PBXFileReference section */

/* Begin PBXFrameworksBuildPhase section */
		7FCB9BBE21995BD9000C4C34 /* Frameworks */ = {
			isa = PBXFrameworksBuildPhase;
			buildActionMask = 2147483647;
			files = (
			);
			runOnlyForDeploymentPostprocessing = 0;
		};
		7FCB9BD621995BDE000C4C34 /* Frameworks */ = {
			isa = PBXFrameworksBuildPhase;
			buildActionMask = 2147483647;
			files = (
			);
			runOnlyForDeploymentPostprocessing = 0;
		};
		7FCB9BE121995BDE000C4C34 /* Frameworks */ = {
			isa = PBXFrameworksBuildPhase;
			buildActionMask = 2147483647;
			files = (
			);
			runOnlyForDeploymentPostprocessing = 0;
		};
/* End PBXFrameworksBuildPhase section */

/* Begin PBXGroup section */
		7FCB9BB821995BD9000C4C34 = {
			isa = PBXGroup;
			children = (
				7FCB9BC321995BD9000C4C34 /* jhzxProject */,
				7FCB9BDC21995BDE000C4C34 /* jhzxProjectTests */,
				7FCB9BE721995BDE000C4C34 /* jhzxProjectUITests */,
				7FCB9BC221995BD9000C4C34 /* Products */,
			);
			sourceTree = "<group>";
		};
		7FCB9BC221995BD9000C4C34 /* Products */ = {
			isa = PBXGroup;
			children = (
				7FCB9BC121995BD9000C4C34 /* jhzxProject.app */,
				7FCB9BD921995BDE000C4C34 /* jhzxProjectTests.xctest */,
				7FCB9BE421995BDE000C4C34 /* jhzxProjectUITests.xctest */,
			);
			name = Products;
			sourceTree = "<group>";
		};
		7FCB9BC321995BD9000C4C34 /* jhzxProject */ = {
			isa = PBXGroup;
			children = (
				7FCB9BC421995BD9000C4C34 /* AppDelegate.h */,
				7FCB9BC521995BD9000C4C34 /* AppDelegate.m */,
				7FCB9BC721995BD9000C4C34 /* ViewController.h */,
				7FCB9BC821995BD9000C4C34 /* ViewController.m */,
				7FCB9BCA21995BD9000C4C34 /* Main.storyboard */,
				7FCB9BCD21995BDD000C4C34 /* Assets.xcassets */,
				7FCB9BCF21995BDD000C4C34 /* LaunchScreen.storyboard */,
				7FCB9BD221995BDD000C4C34 /* Info.plist */,
				7FCB9BD321995BDD000C4C34 /* main.m */,
			);
			path = jhzxProject;
			sourceTree = "<group>";
		};
		7FCB9BDC21995BDE000C4C34 /* jhzxProjectTests */ = {
			isa = PBXGroup;
			children = (
				7FCB9BDD21995BDE000C4C34 /* jhzxProjectTests.m */,
				7FCB9BDF21995BDE000C4C34 /* Info.plist */,
			);
			path = jhzxProjectTests;
			sourceTree = "<group>";
		};
		7FCB9BE721995BDE000C4C34 /* jhzxProjectUITests */ = {
			isa = PBXGroup;
			children = (
				7FCB9BE821995BDE000C4C34 /* jhzxProjectUITests.m */,
				7FCB9BEA21995BDE000C4C34 /* Info.plist */,
			);
			path = jhzxProjectUITests;
			sourceTree = "<group>";
		};
/* End PBXGroup section */

/* Begin PBXNativeTarget section */
		7FCB9BC021995BD9000C4C34 /* jhzxProject */ = {
			isa = PBXNativeTarget;
			buildConfigurationList = 7FCB9BED21995BDE000C4C34 /* Build configuration list for PBXNativeTarget "jhzxProject" */;
			buildPhases = (
				7FCB9BBD21995BD9000C4C34 /* Sources */,
				7FCB9BBE21995BD9000C4C34 /* Frameworks */,
				7FCB9BBF21995BD9000C4C34 /* Resources */,
			);
			buildRules = (
			);
			dependencies = (
			);
			name = jhzxProject;
			productName = jhzxProject;
			productReference = 7FCB9BC121995BD9000C4C34 /* jhzxProject.app */;
			productType = "com.apple.product-type.application";
		};
		7FCB9BD821995BDE000C4C34 /* jhzxProjectTests */ = {
			isa = PBXNativeTarget;
			buildConfigurationList = 7FCB9BF021995BDE000C4C34 /* Build configuration list for PBXNativeTarget "jhzxProjectTests" */;
			buildPhases = (
				7FCB9BD521995BDE000C4C34 /* Sources */,
				7FCB9BD621995BDE000C4C34 /* Frameworks */,
				7FCB9BD721995BDE000C4C34 /* Resources */,
			);
			buildRules = (
			);
			dependencies = (
				7FCB9BDB21995BDE000C4C34 /* PBXTargetDependency */,
			);
			name = jhzxProjectTests;
			productName = jhzxProjectTests;
			productReference = 7FCB9BD921995BDE000C4C34 /* jhzxProjectTests.xctest */;
			productType = "com.apple.product-type.bundle.unit-test";
		};
		7FCB9BE321995BDE000C4C34 /* jhzxProjectUITests */ = {
			isa = PBXNativeTarget;
			buildConfigurationList = 7FCB9BF321995BDE000C4C34 /* Build configuration list for PBXNativeTarget "jhzxProjectUITests" */;
			buildPhases = (
				7FCB9BE021995BDE000C4C34 /* Sources */,
				7FCB9BE121995BDE000C4C34 /* Frameworks */,
				7FCB9BE221995BDE000C4C34 /* Resources */,
			);
			buildRules = (
			);
			dependencies = (
				7FCB9BE621995BDE000C4C34 /* PBXTargetDependency */,
			);
			name = jhzxProjectUITests;
			productName = jhzxProjectUITests;
			productReference = 7FCB9BE421995BDE000C4C34 /* jhzxProjectUITests.xctest */;
			productType = "com.apple.product-type.bundle.ui-testing";
		};
/* End PBXNativeTarget section */

/* Begin PBXProject section */
		7FCB9BB921995BD9000C4C34 /* Project object */ = {
			isa = PBXProject;
			attributes = {
				LastUpgradeCheck = 1000;
				ORGANIZATIONNAME = "Smith Tylor";
				TargetAttributes = {
					7FCB9BC021995BD9000C4C34 = {
						CreatedOnToolsVersion = 10.0;
					};
					7FCB9BD821995BDE000C4C34 = {
						CreatedOnToolsVersion = 10.0;
						TestTargetID = 7FCB9BC021995BD9000C4C34;
					};
					7FCB9BE321995BDE000C4C34 = {
						CreatedOnToolsVersion = 10.0;
						TestTargetID = 7FCB9BC021995BD9000C4C34;
					};
				};
			};
			buildConfigurationList = 7FCB9BBC21995BD9000C4C34 /* Build configuration list for PBXProject "jhzxProject" */;
			compatibilityVersion = "Xcode 9.3";
			developmentRegion = en;
			hasScannedForEncodings = 0;
			knownRegions = (
				en,
				Base,
			);
			mainGroup = 7FCB9BB821995BD9000C4C34;
			productRefGroup = 7FCB9BC221995BD9000C4C34 /* Products */;
			projectDirPath = "";
			projectRoot = "";
			targets = (
				7FCB9BC021995BD9000C4C34 /* jhzxProject */,
				7FCB9BD821995BDE000C4C34 /* jhzxProjectTests */,
				7FCB9BE321995BDE000C4C34 /* jhzxProjectUITests */,
			);
		};
/* End PBXProject section */

/* Begin PBXResourcesBuildPhase section */
		7FCB9BBF21995BD9000C4C34 /* Resources */ = {
			isa = PBXResourcesBuildPhase;
			buildActionMask = 2147483647;
			files = (
				7FCB9BD121995BDD000C4C34 /* LaunchScreen.storyboard in Resources */,
				7FCB9BCE21995BDD000C4C34 /* Assets.xcassets in Resources */,
				7FCB9BCC21995BD9000C4C34 /* Main.storyboard in Resources */,
			);
			runOnlyForDeploymentPostprocessing = 0;
		};
		7FCB9BD721995BDE000C4C34 /* Resources */ = {
			isa = PBXResourcesBuildPhase;
			buildActionMask = 2147483647;
			files = (
			);
			runOnlyForDeploymentPostprocessing = 0;
		};
		7FCB9BE221995BDE000C4C34 /* Resources */ = {
			isa = PBXResourcesBuildPhase;
			buildActionMask = 2147483647;
			files = (
			);
			runOnlyForDeploymentPostprocessing = 0;
		};
/* End PBXResourcesBuildPhase section */

/* Begin PBXSourcesBuildPhase section */
		7FCB9BBD21995BD9000C4C34 /* Sources */ = {
			isa = PBXSourcesBuildPhase;
			buildActionMask = 2147483647;
			files = (
				7FCB9BC921995BD9000C4C34 /* ViewController.m in Sources */,
				7FCB9BD421995BDD000C4C34 /* main.m in Sources */,
				7FCB9BC621995BD9000C4C34 /* AppDelegate.m in Sources */,
			);
			runOnlyForDeploymentPostprocessing = 0;
		};
		7FCB9BD521995BDE000C4C34 /* Sources */ = {
			isa = PBXSourcesBuildPhase;
			buildActionMask = 2147483647;
			files = (
				7FCB9BDE21995BDE000C4C34 /* jhzxProjectTests.m in Sources */,
			);
			runOnlyForDeploymentPostprocessing = 0;
		};
		7FCB9BE021995BDE000C4C34 /* Sources */ = {
			isa = PBXSourcesBuildPhase;
			buildActionMask = 2147483647;
			files = (
				7FCB9BE921995BDE000C4C34 /* jhzxProjectUITests.m in Sources */,
			);
			runOnlyForDeploymentPostprocessing = 0;
		};
/* End PBXSourcesBuildPhase section */

/* Begin PBXTargetDependency section */
		7FCB9BDB21995BDE000C4C34 /* PBXTargetDependency */ = {
			isa = PBXTargetDependency;
			target = 7FCB9BC021995BD9000C4C34 /* jhzxProject */;
			targetProxy = 7FCB9BDA21995BDE000C4C34 /* PBXContainerItemProxy */;
		};
		7FCB9BE621995BDE000C4C34 /* PBXTargetDependency */ = {
			isa = PBXTargetDependency;
			target = 7FCB9BC021995BD9000C4C34 /* jhzxProject */;
			targetProxy = 7FCB9BE521995BDE000C4C34 /* PBXContainerItemProxy */;
		};
/* End PBXTargetDependency section */

/* Begin PBXVariantGroup section */
		7FCB9BCA21995BD9000C4C34 /* Main.storyboard */ = {
			isa = PBXVariantGroup;
			children = (
				7FCB9BCB21995BD9000C4C34 /* Base */,
			);
			name = Main.storyboard;
			sourceTree = "<group>";
		};
		7FCB9BCF21995BDD000C4C34 /* LaunchScreen.storyboard */ = {
			isa = PBXVariantGroup;
			children = (
				7FCB9BD021995BDD000C4C34 /* Base */,
			);
			name = LaunchScreen.storyboard;
			sourceTree = "<group>";
		};
/* End PBXVariantGroup section */

/* Begin XCBuildConfiguration section */
		7FCB9BEB21995BDE000C4C34 /* Debug */ = {
			isa = XCBuildConfiguration;
			buildSettings = {
				ALWAYS_SEARCH_USER_PATHS = NO;
				CLANG_ANALYZER_NONNULL = YES;
				CLANG_ANALYZER_NUMBER_OBJECT_CONVERSION = YES_AGGRESSIVE;
				CLANG_CXX_LANGUAGE_STANDARD = "gnu++14";
				CLANG_CXX_LIBRARY = "libc++";
				CLANG_ENABLE_MODULES = YES;
				CLANG_ENABLE_OBJC_ARC = YES;
				CLANG_ENABLE_OBJC_WEAK = YES;
				CLANG_WARN_BLOCK_CAPTURE_AUTORELEASING = YES;
				CLANG_WARN_BOOL_CONVERSION = YES;
				CLANG_WARN_COMMA = YES;
				CLANG_WARN_CONSTANT_CONVERSION = YES;
				CLANG_WARN_DEPRECATED_OBJC_IMPLEMENTATIONS = YES;
				CLANG_WARN_DIRECT_OBJC_ISA_USAGE = YES_ERROR;
				CLANG_WARN_DOCUMENTATION_COMMENTS = YES;
				CLANG_WARN_EMPTY_BODY = YES;
				CLANG_WARN_ENUM_CONVERSION = YES;
				CLANG_WARN_INFINITE_RECURSION = YES;
				CLANG_WARN_INT_CONVERSION = YES;
				CLANG_WARN_NON_LITERAL_NULL_CONVERSION = YES;
				CLANG_WARN_OBJC_IMPLICIT_RETAIN_SELF = YES;
				CLANG_WARN_OBJC_LITERAL_CONVERSION = YES;
				CLANG_WARN_OBJC_ROOT_CLASS = YES_ERROR;
				CLANG_WARN_RANGE_LOOP_ANALYSIS = YES;
				CLANG_WARN_STRICT_PROTOTYPES = YES;
				CLANG_WARN_SUSPICIOUS_MOVE = YES;
				CLANG_WARN_UNGUARDED_AVAILABILITY = YES_AGGRESSIVE;
				CLANG_WARN_UNREACHABLE_CODE = YES;
				CLANG_WARN__DUPLICATE_METHOD_MATCH = YES;
				CODE_SIGN_IDENTITY = "iPhone Developer";
				COPY_PHASE_STRIP = NO;
				DEBUG_INFORMATION_FORMAT = dwarf;
				ENABLE_STRICT_OBJC_MSGSEND = YES;
				ENABLE_TESTABILITY = YES;
				GCC_C_LANGUAGE_STANDARD = gnu11;
				GCC_DYNAMIC_NO_PIC = NO;
				GCC_NO_COMMON_BLOCKS = YES;
				GCC_OPTIMIZATION_LEVEL = 0;
				GCC_PREPROCESSOR_DEFINITIONS = (
					"DEBUG=1",
					"$(inherited)",
				);
				GCC_WARN_64_TO_32_BIT_CONVERSION = YES;
				GCC_WARN_ABOUT_RETURN_TYPE = YES_ERROR;
				GCC_WARN_UNDECLARED_SELECTOR = YES;
				GCC_WARN_UNINITIALIZED_AUTOS = YES_AGGRESSIVE;
				GCC_WARN_UNUSED_FUNCTION = YES;
				GCC_WARN_UNUSED_VARIABLE = YES;
				IPHONEOS_DEPLOYMENT_TARGET = 12.0;
				MTL_ENABLE_DEBUG_INFO = INCLUDE_SOURCE;
				MTL_FAST_MATH = YES;
				ONLY_ACTIVE_ARCH = YES;
				SDKROOT = iphoneos;
			};
			name = Debug;
		};
		7FCB9BEC21995BDE000C4C34 /* Release */ = {
			isa = XCBuildConfiguration;
			buildSettings = {
				ALWAYS_SEARCH_USER_PATHS = NO;
				CLANG_ANALYZER_NONNULL = YES;
				CLANG_ANALYZER_NUMBER_OBJECT_CONVERSION = YES_AGGRESSIVE;
				CLANG_CXX_LANGUAGE_STANDARD = "gnu++14";
				CLANG_CXX_LIBRARY = "libc++";
				CLANG_ENABLE_MODULES = YES;
				CLANG_ENABLE_OBJC_ARC = YES;
				CLANG_ENABLE_OBJC_WEAK = YES;
				CLANG_WARN_BLOCK_CAPTURE_AUTORELEASING = YES;
				CLANG_WARN_BOOL_CONVERSION = YES;
				CLANG_WARN_COMMA = YES;
				CLANG_WARN_CONSTANT_CONVERSION = YES;
				CLANG_WARN_DEPRECATED_OBJC_IMPLEMENTATIONS = YES;
				CLANG_WARN_DIRECT_OBJC_ISA_USAGE = YES_ERROR;
				CLANG_WARN_DOCUMENTATION_COMMENTS = YES;
				CLANG_WARN_EMPTY_BODY = YES;
				CLANG_WARN_ENUM_CONVERSION = YES;
				CLANG_WARN_INFINITE_RECURSION = YES;
				CLANG_WARN_INT_CONVERSION = YES;
				CLANG_WARN_NON_LITERAL_NULL_CONVERSION = YES;
				CLANG_WARN_OBJC_IMPLICIT_RETAIN_SELF = YES;
				CLANG_WARN_OBJC_LITERAL_CONVERSION = YES;
				CLANG_WARN_OBJC_ROOT_CLASS = YES_ERROR;
				CLANG_WARN_RANGE_LOOP_ANALYSIS = YES;
				CLANG_WARN_STRICT_PROTOTYPES = YES;
				CLANG_WARN_SUSPICIOUS_MOVE = YES;
				CLANG_WARN_UNGUARDED_AVAILABILITY = YES_AGGRESSIVE;
				CLANG_WARN_UNREACHABLE_CODE = YES;
				CLANG_WARN__DUPLICATE_METHOD_MATCH = YES;
				CODE_SIGN_IDENTITY = "iPhone Developer";
				COPY_PHASE_STRIP = NO;
				DEBUG_INFORMATION_FORMAT = "dwarf-with-dsym";
				ENABLE_NS_ASSERTIONS = NO;
				ENABLE_STRICT_OBJC_MSGSEND = YES;
				GCC_C_LANGUAGE_STANDARD = gnu11;
				GCC_NO_COMMON_BLOCKS = YES;
				GCC_WARN_64_TO_32_BIT_CONVERSION = YES;
				GCC_WARN_ABOUT_RETURN_TYPE = YES_ERROR;
				GCC_WARN_UNDECLARED_SELECTOR = YES;
				GCC_WARN_UNINITIALIZED_AUTOS = YES_AGGRESSIVE;
				GCC_WARN_UNUSED_FUNCTION = YES;
				GCC_WARN_UNUSED_VARIABLE = YES;
				IPHONEOS_DEPLOYMENT_TARGET = 12.0;
				MTL_ENABLE_DEBUG_INFO = NO;
				MTL_FAST_MATH = YES;
				SDKROOT = iphoneos;
				VALIDATE_PRODUCT = YES;
			};
			name = Release;
		};
		7FCB9BEE21995BDE000C4C34 /* Debug */ = {
			isa = XCBuildConfiguration;
			buildSettings = {
				ASSETCATALOG_COMPILER_APPICON_NAME = AppIcon;
				CODE_SIGN_STYLE = Automatic;
				INFOPLIST_FILE = jhzxProject/Info.plist;
				LD_RUNPATH_SEARCH_PATHS = (
					"$(inherited)",
					"@executable_path/Frameworks",
				);
				PRODUCT_BUNDLE_IDENTIFIER = jhzx.jhzxProject;
				PRODUCT_NAME = "$(TARGET_NAME)";
				TARGETED_DEVICE_FAMILY = "1,2";
			};
			name = Debug;
		};
		7FCB9BEF21995BDE000C4C34 /* Release */ = {
			isa = XCBuildConfiguration;
			buildSettings = {
				ASSETCATALOG_COMPILER_APPICON_NAME = AppIcon;
				CODE_SIGN_STYLE = Automatic;
				INFOPLIST_FILE = jhzxProject/Info.plist;
				LD_RUNPATH_SEARCH_PATHS = (
					"$(inherited)",
					"@executable_path/Frameworks",
				);
				PRODUCT_BUNDLE_IDENTIFIER = jhzx.jhzxProject;
				PRODUCT_NAME = "$(TARGET_NAME)";
				TARGETED_DEVICE_FAMILY = "1,2";
			};
			name = Release;
		};
		7FCB9BF121995BDE000C4C34 /* Debug */ = {
			isa = XCBuildConfiguration;
			buildSettings = {
				BUNDLE_LOADER = "$(TEST_HOST)";
				CODE_SIGN_STYLE = Automatic;
				INFOPLIST_FILE = jhzxProjectTests/Info.plist;
				LD_RUNPATH_SEARCH_PATHS = (
					"$(inherited)",
					"@executable_path/Frameworks",
					"@loader_path/Frameworks",
				);
				PRODUCT_BUNDLE_IDENTIFIER = jhzx.jhzxProjectTests;
				PRODUCT_NAME = "$(TARGET_NAME)";
				TARGETED_DEVICE_FAMILY = "1,2";
				TEST_HOST = "$(BUILT_PRODUCTS_DIR)/jhzxProject.app/jhzxProject";
			};
			name = Debug;
		};
		7FCB9BF221995BDE000C4C34 /* Release */ = {
			isa = XCBuildConfiguration;
			buildSettings = {
				BUNDLE_LOADER = "$(TEST_HOST)";
				CODE_SIGN_STYLE = Automatic;
				INFOPLIST_FILE = jhzxProjectTests/Info.plist;
				LD_RUNPATH_SEARCH_PATHS = (
					"$(inherited)",
					"@executable_path/Frameworks",
					"@loader_path/Frameworks",
				);
				PRODUCT_BUNDLE_IDENTIFIER = jhzx.jhzxProjectTests;
				PRODUCT_NAME = "$(TARGET_NAME)";
				TARGETED_DEVICE_FAMILY = "1,2";
				TEST_HOST = "$(BUILT_PRODUCTS_DIR)/jhzxProject.app/jhzxProject";
			};
			name = Release;
		};
		7FCB9BF421995BDE000C4C34 /* Debug */ = {
			isa = XCBuildConfiguration;
			buildSettings = {
				CODE_SIGN_STYLE = Automatic;
				INFOPLIST_FILE = jhzxProjectUITests/Info.plist;
				LD_RUNPATH_SEARCH_PATHS = (
					"$(inherited)",
					"@executable_path/Frameworks",
					"@loader_path/Frameworks",
				);
				PRODUCT_BUNDLE_IDENTIFIER = jhzx.jhzxProjectUITests;
				PRODUCT_NAME = "$(TARGET_NAME)";
				TARGETED_DEVICE_FAMILY = "1,2";
				TEST_TARGET_NAME = jhzxProject;
			};
			name = Debug;
		};
		7FCB9BF521995BDE000C4C34 /* Release */ = {
			isa = XCBuildConfiguration;
			buildSettings = {
				CODE_SIGN_STYLE = Automatic;
				INFOPLIST_FILE = jhzxProjectUITests/Info.plist;
				LD_RUNPATH_SEARCH_PATHS = (
					"$(inherited)",
					"@executable_path/Frameworks",
					"@loader_path/Frameworks",
				);
				PRODUCT_BUNDLE_IDENTIFIER = jhzx.jhzxProjectUITests;
				PRODUCT_NAME = "$(TARGET_NAME)";
				TARGETED_DEVICE_FAMILY = "1,2";
				TEST_TARGET_NAME = jhzxProject;
			};
			name = Release;
		};
/* End XCBuildConfiguration section */

/* Begin XCConfigurationList section */
		7FCB9BBC21995BD9000C4C34 /* Build configuration list for PBXProject "jhzxProject" */ = {
			isa = XCConfigurationList;
			buildConfigurations = (
				7FCB9BEB21995BDE000C4C34 /* Debug */,
				7FCB9BEC21995BDE000C4C34 /* Release */,
			);
			defaultConfigurationIsVisible = 0;
			defaultConfigurationName = Release;
		};
		7FCB9BED21995BDE000C4C34 /* Build configuration list for PBXNativeTarget "jhzxProject" */ = {
			isa = XCConfigurationList;
			buildConfigurations = (
				7FCB9BEE21995BDE000C4C34 /* Debug */,
				7FCB9BEF21995BDE000C4C34 /* Release */,
			);
			defaultConfigurationIsVisible = 0;
			defaultConfigurationName = Release;
		};
		7FCB9BF021995BDE000C4C34 /* Build configuration list for PBXNativeTarget "jhzxProjectTests" */ = {
			isa = XCConfigurationList;
			buildConfigurations = (
				7FCB9BF121995BDE000C4C34 /* Debug */,
				7FCB9BF221995BDE000C4C34 /* Release */,
			);
			defaultConfigurationIsVisible = 0;
			defaultConfigurationName = Release;
		};
		7FCB9BF321995BDE000C4C34 /* Build configuration list for PBXNativeTarget "jhzxProjectUITests" */ = {
			isa = XCConfigurationList;
			buildConfigurations = (
				7FCB9BF421995BDE000C4C34 /* Debug */,
				7FCB9BF521995BDE000C4C34 /* Release */,
			);
			defaultConfigurationIsVisible = 0;
			defaultConfigurationName = Release;
		};
/* End XCConfigurationList section */
	};
	rootObject = 7FCB9BB921995BD9000C4C34 /* Project object */;
}
